// !$*UTF8*$!
{
	archiveVersion = 1;
	classes = {
	};
	objectVersion = 51;
	objects = {

/* Begin PBXBuildFile section */
		6529500C258D6EE2002AA621 /* UIColor+inits.swift in Sources */ = {isa = PBXBuildFile; fileRef = 6529500B258D6EE2002AA621 /* UIColor+inits.swift */; };
		65340899259A77280072542D /* EditUserInfo.swift in Sources */ = {isa = PBXBuildFile; fileRef = CEDEB868258CE1EB007B2BCA /* EditUserInfo.swift */; };
		6534089A259A77280072542D /* AbstractRequestFactory.swift in Sources */ = {isa = PBXBuildFile; fileRef = CEDEB840258CE146007B2BCA /* AbstractRequestFactory.swift */; };
		6534089B259A77280072542D /* UIImage.swift in Sources */ = {isa = PBXBuildFile; fileRef = CEDEB913258D4C75007B2BCA /* UIImage.swift */; };
		653408A0259A80180072542D /* CountryListCoordinator.swift in Sources */ = {isa = PBXBuildFile; fileRef = 6534089F259A80180072542D /* CountryListCoordinator.swift */; };
		653408AF259A86D40072542D /* DSNavBar.swift in Sources */ = {isa = PBXBuildFile; fileRef = 653408AE259A86D40072542D /* DSNavBar.swift */; };
		653408B4259A88BD0072542D /* DSSearchBar.swift in Sources */ = {isa = PBXBuildFile; fileRef = 653408B3259A88BD0072542D /* DSSearchBar.swift */; };
		656CC23B259A4F7100DEC84C /* CountryListViewController.swift in Sources */ = {isa = PBXBuildFile; fileRef = 656CC23A259A4F7100DEC84C /* CountryListViewController.swift */; };
		656CC243259A4F7C00DEC84C /* CountryListAssembly.swift in Sources */ = {isa = PBXBuildFile; fileRef = 656CC242259A4F7C00DEC84C /* CountryListAssembly.swift */; };
		656CC248259A4F8700DEC84C /* CountryListView.swift in Sources */ = {isa = PBXBuildFile; fileRef = 656CC247259A4F8700DEC84C /* CountryListView.swift */; };
		656CC26A259A521000DEC84C /* LoadJson.swift in Sources */ = {isa = PBXBuildFile; fileRef = 656CC269259A521000DEC84C /* LoadJson.swift */; };
		65870508259209ED00EFF7C7 /* AuthViewController.swift in Sources */ = {isa = PBXBuildFile; fileRef = 65870507259209ED00EFF7C7 /* AuthViewController.swift */; };
		65870513259209F700EFF7C7 /* AuthViewModel.swift in Sources */ = {isa = PBXBuildFile; fileRef = 65870512259209F700EFF7C7 /* AuthViewModel.swift */; };
		6587051825920A0100EFF7C7 /* AuthCoordinator.swift in Sources */ = {isa = PBXBuildFile; fileRef = 6587051725920A0100EFF7C7 /* AuthCoordinator.swift */; };
		6587051D25920A0B00EFF7C7 /* AuthAssembly.swift in Sources */ = {isa = PBXBuildFile; fileRef = 6587051C25920A0B00EFF7C7 /* AuthAssembly.swift */; };
		65870536259216AA00EFF7C7 /* Assembly.swift in Sources */ = {isa = PBXBuildFile; fileRef = 65870535259216AA00EFF7C7 /* Assembly.swift */; };
		6587053E2592493400EFF7C7 /* Coordinator.swift in Sources */ = {isa = PBXBuildFile; fileRef = 6587053D2592493400EFF7C7 /* Coordinator.swift */; };
		6587054C25924C3200EFF7C7 /* AppCoordinator.swift in Sources */ = {isa = PBXBuildFile; fileRef = 6587054B25924C3200EFF7C7 /* AppCoordinator.swift */; };
		658705512592540D00EFF7C7 /* AuthView.swift in Sources */ = {isa = PBXBuildFile; fileRef = 658705502592540D00EFF7C7 /* AuthView.swift */; };
		6595194F25A86D9F00CC15E0 /* DSNavigationController.swift in Sources */ = {isa = PBXBuildFile; fileRef = 6595194E25A86D9F00CC15E0 /* DSNavigationController.swift */; };
		6595195425A8704300CC15E0 /* CountryListTableCellSectionModel.swift in Sources */ = {isa = PBXBuildFile; fileRef = 6595195325A8704300CC15E0 /* CountryListTableCellSectionModel.swift */; };
		6595195925A87C0100CC15E0 /* CountryListTableCellHeaderView.swift in Sources */ = {isa = PBXBuildFile; fileRef = 6595195825A87C0100CC15E0 /* CountryListTableCellHeaderView.swift */; };
		659C61962593DB1D00C33D05 /* RegistrationAssembly.swift in Sources */ = {isa = PBXBuildFile; fileRef = 659C61952593DB1D00C33D05 /* RegistrationAssembly.swift */; };
		659C619B2593DB2700C33D05 /* RegistrationViewController.swift in Sources */ = {isa = PBXBuildFile; fileRef = 659C619A2593DB2700C33D05 /* RegistrationViewController.swift */; };
		659C61A02593DB3100C33D05 /* RegistrationViewModel.swift in Sources */ = {isa = PBXBuildFile; fileRef = 659C619F2593DB3100C33D05 /* RegistrationViewModel.swift */; };
		659C61A52593DB3F00C33D05 /* RegistrationCoordinator.swift in Sources */ = {isa = PBXBuildFile; fileRef = 659C61A42593DB3F00C33D05 /* RegistrationCoordinator.swift */; };
		659C61AD2593DB5A00C33D05 /* RegistrationView.swift in Sources */ = {isa = PBXBuildFile; fileRef = 659C61AC2593DB5A00C33D05 /* RegistrationView.swift */; };
		659C61BC2593DF4C00C33D05 /* UIView+addSubviews.swift in Sources */ = {isa = PBXBuildFile; fileRef = 659C61BB2593DF4C00C33D05 /* UIView+addSubviews.swift */; };
		659C61C92593E15700C33D05 /* UserCountry.swift in Sources */ = {isa = PBXBuildFile; fileRef = 659C61C82593E15700C33D05 /* UserCountry.swift */; };
		65AAB2D925ACA0D000A86730 /* HideKeyboardWithAction.swift in Sources */ = {isa = PBXBuildFile; fileRef = 65AAB2D825ACA0D000A86730 /* HideKeyboardWithAction.swift */; };
		65AAB2DE25ACA40C00A86730 /* DSEmptyView.swift in Sources */ = {isa = PBXBuildFile; fileRef = 65AAB2DD25ACA40C00A86730 /* DSEmptyView.swift */; };
		65AAB2F525ACB16A00A86730 /* CommonButton.swift in Sources */ = {isa = PBXBuildFile; fileRef = 6587052B25920EC800EFF7C7 /* CommonButton.swift */; };
		65AF25F1258D04E60037D2B5 /* Icons.swift in Sources */ = {isa = PBXBuildFile; fileRef = 65AF25F0258D04E60037D2B5 /* Icons.swift */; };
		65AF25F4258D04F10037D2B5 /* Fonts.swift in Sources */ = {isa = PBXBuildFile; fileRef = 65AF25F3258D04F10037D2B5 /* Fonts.swift */; };
		65AF25F7258D04FD0037D2B5 /* Texts.swift in Sources */ = {isa = PBXBuildFile; fileRef = 65AF25F6258D04FD0037D2B5 /* Texts.swift */; };
		65AF25F9258D05020037D2B5 /* Colors.swift in Sources */ = {isa = PBXBuildFile; fileRef = 65AF25F8258D05020037D2B5 /* Colors.swift */; };
		65B803F2259B62D0009D9DB3 /* DSBarBackButton.swift in Sources */ = {isa = PBXBuildFile; fileRef = 65B803F1259B62D0009D9DB3 /* DSBarBackButton.swift */; };
		65DE5DC2259BCF2E00DEF482 /* CountryList.json in Resources */ = {isa = PBXBuildFile; fileRef = 656CC24C259A50A200DEC84C /* CountryList.json */; };
		65ECB2B6259BAA6600BF8CEE /* CountryListDataSource.swift in Sources */ = {isa = PBXBuildFile; fileRef = 65ECB2B5259BAA6600BF8CEE /* CountryListDataSource.swift */; };
		65ECB2BF259BAC8E00BF8CEE /* CountryListTableCell.swift in Sources */ = {isa = PBXBuildFile; fileRef = 65ECB2BE259BAC8E00BF8CEE /* CountryListTableCell.swift */; };
		65ECB2C4259BACBE00BF8CEE /* UITableView+cellForRow.swift in Sources */ = {isa = PBXBuildFile; fileRef = 65ECB2C3259BACBE00BF8CEE /* UITableView+cellForRow.swift */; };
		65ECB2C9259BAD1300BF8CEE /* Reusable.swift in Sources */ = {isa = PBXBuildFile; fileRef = 65ECB2C8259BAD1300BF8CEE /* Reusable.swift */; };
		65ECB2D6259BBB9800BF8CEE /* CountryListViewModel.swift in Sources */ = {isa = PBXBuildFile; fileRef = 65ECB2D5259BBB9800BF8CEE /* CountryListViewModel.swift */; };
		7BF396CFD1C28B5915E7ED3A /* Pods_DoSport.framework in Frameworks */ = {isa = PBXBuildFile; fileRef = 0107261957BEB8CDB3A46B6B /* Pods_DoSport.framework */; };
		CE0A6B39258F89F5007E02CC /* SFProDisplay-Regular.ttf in Resources */ = {isa = PBXBuildFile; fileRef = CEDEB889258CE7F2007B2BCA /* SFProDisplay-Regular.ttf */; };
		CE0A6B58258FBA26007E02CC /* CustomPageControl.swift in Sources */ = {isa = PBXBuildFile; fileRef = CE0A6B57258FBA26007E02CC /* CustomPageControl.swift */; };
		CEBA62DC2593F2A1006A7F80 /* TabBarItem.swift in Sources */ = {isa = PBXBuildFile; fileRef = CEBA62DB2593F2A1006A7F80 /* TabBarItem.swift */; };
		CEBA62E12593F2DE006A7F80 /* CustomTabView.swift in Sources */ = {isa = PBXBuildFile; fileRef = CEBA62E02593F2DE006A7F80 /* CustomTabView.swift */; };
		CEBA62E62593F2F0006A7F80 /* MainMenuTabController.swift in Sources */ = {isa = PBXBuildFile; fileRef = CEBA62E52593F2F0006A7F80 /* MainMenuTabController.swift */; };
		CEBA62EB2593F350006A7F80 /* TabBarIcons.xcassets in Resources */ = {isa = PBXBuildFile; fileRef = CEBA62EA2593F350006A7F80 /* TabBarIcons.xcassets */; };
		CEBA62F12593F3FB006A7F80 /* MainViewController.swift in Sources */ = {isa = PBXBuildFile; fileRef = CEBA62F02593F3FB006A7F80 /* MainViewController.swift */; };
		CEBA6375259884D9006A7F80 /* PhoneNumberAddView.swift in Sources */ = {isa = PBXBuildFile; fileRef = 659C61B32593DE0C00C33D05 /* PhoneNumberAddView.swift */; };
		CEDEB77D258CB404007B2BCA /* AppDelegate.swift in Sources */ = {isa = PBXBuildFile; fileRef = CEDEB77C258CB404007B2BCA /* AppDelegate.swift */; };
		CEDEB77F258CB404007B2BCA /* SceneDelegate.swift in Sources */ = {isa = PBXBuildFile; fileRef = CEDEB77E258CB404007B2BCA /* SceneDelegate.swift */; };
		CEDEB786258CB40A007B2BCA /* Icons.xcassets in Resources */ = {isa = PBXBuildFile; fileRef = CEDEB785258CB40A007B2BCA /* Icons.xcassets */; };
		CEDEB789258CB40A007B2BCA /* LaunchScreen.storyboard in Resources */ = {isa = PBXBuildFile; fileRef = CEDEB787258CB40A007B2BCA /* LaunchScreen.storyboard */; };
		CEDEB794258CB40B007B2BCA /* DoSportTests.swift in Sources */ = {isa = PBXBuildFile; fileRef = CEDEB793258CB40B007B2BCA /* DoSportTests.swift */; };
		CEDEB79F258CB40B007B2BCA /* DoSportUITests.swift in Sources */ = {isa = PBXBuildFile; fileRef = CEDEB79E258CB40B007B2BCA /* DoSportUITests.swift */; };
		CEDEB849258CE182007B2BCA /* RequestFactory.swift in Sources */ = {isa = PBXBuildFile; fileRef = CEDEB848258CE182007B2BCA /* RequestFactory.swift */; };
		CEDEB84E258CE194007B2BCA /* ErrorParser.swift in Sources */ = {isa = PBXBuildFile; fileRef = CEDEB84D258CE194007B2BCA /* ErrorParser.swift */; };
		CEDEB853258CE1A5007B2BCA /* RequestRouter.swift in Sources */ = {isa = PBXBuildFile; fileRef = CEDEB852258CE1A5007B2BCA /* RequestRouter.swift */; };
		CEDEB85C258CE1C7007B2BCA /* AuthRequest.swift in Sources */ = {isa = PBXBuildFile; fileRef = CEDEB85B258CE1C7007B2BCA /* AuthRequest.swift */; };
		CEDEB864258CE1D9007B2BCA /* GetUserInfo.swift in Sources */ = {isa = PBXBuildFile; fileRef = CEDEB863258CE1D9007B2BCA /* GetUserInfo.swift */; };
		CEDEB86E258CE208007B2BCA /* EditPasswordRequest.swift in Sources */ = {isa = PBXBuildFile; fileRef = CEDEB86D258CE208007B2BCA /* EditPasswordRequest.swift */; };
		CEDEB873258CE21C007B2BCA /* RegisterRequest.swift in Sources */ = {isa = PBXBuildFile; fileRef = CEDEB872258CE21C007B2BCA /* RegisterRequest.swift */; };
		CEDEB879258CE240007B2BCA /* Responses.swift in Sources */ = {isa = PBXBuildFile; fileRef = CEDEB878258CE240007B2BCA /* Responses.swift */; };
		CEDEB87F258CE2EA007B2BCA /* Security.swift in Sources */ = {isa = PBXBuildFile; fileRef = CEDEB87E258CE2EA007B2BCA /* Security.swift */; };
		CEDEB897258CEC3C007B2BCA /* UIButton+Extensions.swift in Sources */ = {isa = PBXBuildFile; fileRef = CEDEB896258CEC3C007B2BCA /* UIButton+Extensions.swift */; };
		CEDEB89F258CEC49007B2BCA /* UIColor+Extensions.swift in Sources */ = {isa = PBXBuildFile; fileRef = CEDEB89E258CEC49007B2BCA /* UIColor+Extensions.swift */; };
		CEDEB8A4258CF020007B2BCA /* UILabel+Extensions.swift in Sources */ = {isa = PBXBuildFile; fileRef = CEDEB8A3258CF020007B2BCA /* UILabel+Extensions.swift */; };
		CEDEB8F4258D311A007B2BCA /* OnBoardingViewController.swift in Sources */ = {isa = PBXBuildFile; fileRef = CEDEB8F3258D311A007B2BCA /* OnBoardingViewController.swift */; };
		CEDEB8FC258D33D3007B2BCA /* OnBoardingAvatars.xcassets in Resources */ = {isa = PBXBuildFile; fileRef = CEDEB8FB258D33D3007B2BCA /* OnBoardingAvatars.xcassets */; };
		CEDEB902258D371D007B2BCA /* OnBoardingViewCell.swift in Sources */ = {isa = PBXBuildFile; fileRef = CEDEB901258D371D007B2BCA /* OnBoardingViewCell.swift */; };
		CEDEB90A258D37D9007B2BCA /* OnBoardingModel.swift in Sources */ = {isa = PBXBuildFile; fileRef = CEDEB909258D37D9007B2BCA /* OnBoardingModel.swift */; };
/* End PBXBuildFile section */

/* Begin PBXContainerItemProxy section */
		CEDEB790258CB40B007B2BCA /* PBXContainerItemProxy */ = {
			isa = PBXContainerItemProxy;
			containerPortal = CEDEB771258CB404007B2BCA /* Project object */;
			proxyType = 1;
			remoteGlobalIDString = CEDEB778258CB404007B2BCA;
			remoteInfo = DoSport;
		};
		CEDEB79B258CB40B007B2BCA /* PBXContainerItemProxy */ = {
			isa = PBXContainerItemProxy;
			containerPortal = CEDEB771258CB404007B2BCA /* Project object */;
			proxyType = 1;
			remoteGlobalIDString = CEDEB778258CB404007B2BCA;
			remoteInfo = DoSport;
		};
/* End PBXContainerItemProxy section */

/* Begin PBXFileReference section */
		0107261957BEB8CDB3A46B6B /* Pods_DoSport.framework */ = {isa = PBXFileReference; explicitFileType = wrapper.framework; includeInIndex = 0; path = Pods_DoSport.framework; sourceTree = BUILT_PRODUCTS_DIR; };
		64CC31553A44BA1D8791E331 /* Pods-DoSport.release.xcconfig */ = {isa = PBXFileReference; includeInIndex = 1; lastKnownFileType = text.xcconfig; name = "Pods-DoSport.release.xcconfig"; path = "Target Support Files/Pods-DoSport/Pods-DoSport.release.xcconfig"; sourceTree = "<group>"; };
		6529500B258D6EE2002AA621 /* UIColor+inits.swift */ = {isa = PBXFileReference; lastKnownFileType = sourcecode.swift; path = "UIColor+inits.swift"; sourceTree = "<group>"; };
		6534089F259A80180072542D /* CountryListCoordinator.swift */ = {isa = PBXFileReference; lastKnownFileType = sourcecode.swift; path = CountryListCoordinator.swift; sourceTree = "<group>"; };
		653408AE259A86D40072542D /* DSNavBar.swift */ = {isa = PBXFileReference; lastKnownFileType = sourcecode.swift; path = DSNavBar.swift; sourceTree = "<group>"; };
		653408B3259A88BD0072542D /* DSSearchBar.swift */ = {isa = PBXFileReference; lastKnownFileType = sourcecode.swift; path = DSSearchBar.swift; sourceTree = "<group>"; };
		656CC23A259A4F7100DEC84C /* CountryListViewController.swift */ = {isa = PBXFileReference; lastKnownFileType = sourcecode.swift; path = CountryListViewController.swift; sourceTree = "<group>"; };
		656CC242259A4F7C00DEC84C /* CountryListAssembly.swift */ = {isa = PBXFileReference; lastKnownFileType = sourcecode.swift; path = CountryListAssembly.swift; sourceTree = "<group>"; };
		656CC247259A4F8700DEC84C /* CountryListView.swift */ = {isa = PBXFileReference; lastKnownFileType = sourcecode.swift; path = CountryListView.swift; sourceTree = "<group>"; };
		656CC24C259A50A200DEC84C /* CountryList.json */ = {isa = PBXFileReference; lastKnownFileType = text.json; path = CountryList.json; sourceTree = "<group>"; };
		656CC269259A521000DEC84C /* LoadJson.swift */ = {isa = PBXFileReference; lastKnownFileType = sourcecode.swift; path = LoadJson.swift; sourceTree = "<group>"; };
		65870507259209ED00EFF7C7 /* AuthViewController.swift */ = {isa = PBXFileReference; lastKnownFileType = sourcecode.swift; path = AuthViewController.swift; sourceTree = "<group>"; };
		65870512259209F700EFF7C7 /* AuthViewModel.swift */ = {isa = PBXFileReference; lastKnownFileType = sourcecode.swift; path = AuthViewModel.swift; sourceTree = "<group>"; };
		6587051725920A0100EFF7C7 /* AuthCoordinator.swift */ = {isa = PBXFileReference; lastKnownFileType = sourcecode.swift; path = AuthCoordinator.swift; sourceTree = "<group>"; };
		6587051C25920A0B00EFF7C7 /* AuthAssembly.swift */ = {isa = PBXFileReference; lastKnownFileType = sourcecode.swift; path = AuthAssembly.swift; sourceTree = "<group>"; };
		6587052B25920EC800EFF7C7 /* CommonButton.swift */ = {isa = PBXFileReference; lastKnownFileType = sourcecode.swift; path = CommonButton.swift; sourceTree = "<group>"; };
		65870535259216AA00EFF7C7 /* Assembly.swift */ = {isa = PBXFileReference; lastKnownFileType = sourcecode.swift; path = Assembly.swift; sourceTree = "<group>"; };
		6587053D2592493400EFF7C7 /* Coordinator.swift */ = {isa = PBXFileReference; lastKnownFileType = sourcecode.swift; path = Coordinator.swift; sourceTree = "<group>"; };
		6587054B25924C3200EFF7C7 /* AppCoordinator.swift */ = {isa = PBXFileReference; lastKnownFileType = sourcecode.swift; path = AppCoordinator.swift; sourceTree = "<group>"; };
		658705502592540D00EFF7C7 /* AuthView.swift */ = {isa = PBXFileReference; lastKnownFileType = sourcecode.swift; path = AuthView.swift; sourceTree = "<group>"; };
		6595194E25A86D9F00CC15E0 /* DSNavigationController.swift */ = {isa = PBXFileReference; lastKnownFileType = sourcecode.swift; path = DSNavigationController.swift; sourceTree = "<group>"; };
		6595195325A8704300CC15E0 /* CountryListTableCellSectionModel.swift */ = {isa = PBXFileReference; lastKnownFileType = sourcecode.swift; path = CountryListTableCellSectionModel.swift; sourceTree = "<group>"; };
		6595195825A87C0100CC15E0 /* CountryListTableCellHeaderView.swift */ = {isa = PBXFileReference; lastKnownFileType = sourcecode.swift; path = CountryListTableCellHeaderView.swift; sourceTree = "<group>"; };
		659C61952593DB1D00C33D05 /* RegistrationAssembly.swift */ = {isa = PBXFileReference; lastKnownFileType = sourcecode.swift; path = RegistrationAssembly.swift; sourceTree = "<group>"; };
		659C619A2593DB2700C33D05 /* RegistrationViewController.swift */ = {isa = PBXFileReference; lastKnownFileType = sourcecode.swift; path = RegistrationViewController.swift; sourceTree = "<group>"; };
		659C619F2593DB3100C33D05 /* RegistrationViewModel.swift */ = {isa = PBXFileReference; lastKnownFileType = sourcecode.swift; path = RegistrationViewModel.swift; sourceTree = "<group>"; };
		659C61A42593DB3F00C33D05 /* RegistrationCoordinator.swift */ = {isa = PBXFileReference; lastKnownFileType = sourcecode.swift; path = RegistrationCoordinator.swift; sourceTree = "<group>"; };
		659C61AC2593DB5A00C33D05 /* RegistrationView.swift */ = {isa = PBXFileReference; lastKnownFileType = sourcecode.swift; path = RegistrationView.swift; sourceTree = "<group>"; };
		659C61B32593DE0C00C33D05 /* PhoneNumberAddView.swift */ = {isa = PBXFileReference; lastKnownFileType = sourcecode.swift; path = PhoneNumberAddView.swift; sourceTree = "<group>"; };
		659C61BB2593DF4C00C33D05 /* UIView+addSubviews.swift */ = {isa = PBXFileReference; lastKnownFileType = sourcecode.swift; path = "UIView+addSubviews.swift"; sourceTree = "<group>"; };
		659C61C82593E15700C33D05 /* UserCountry.swift */ = {isa = PBXFileReference; lastKnownFileType = sourcecode.swift; path = UserCountry.swift; sourceTree = "<group>"; };
		65AAB2D825ACA0D000A86730 /* HideKeyboardWithAction.swift */ = {isa = PBXFileReference; lastKnownFileType = sourcecode.swift; path = HideKeyboardWithAction.swift; sourceTree = "<group>"; };
		65AAB2DD25ACA40C00A86730 /* DSEmptyView.swift */ = {isa = PBXFileReference; lastKnownFileType = sourcecode.swift; path = DSEmptyView.swift; sourceTree = "<group>"; };
		65AF25F0258D04E60037D2B5 /* Icons.swift */ = {isa = PBXFileReference; lastKnownFileType = sourcecode.swift; path = Icons.swift; sourceTree = "<group>"; };
		65AF25F3258D04F10037D2B5 /* Fonts.swift */ = {isa = PBXFileReference; lastKnownFileType = sourcecode.swift; path = Fonts.swift; sourceTree = "<group>"; };
		65AF25F6258D04FD0037D2B5 /* Texts.swift */ = {isa = PBXFileReference; lastKnownFileType = sourcecode.swift; path = Texts.swift; sourceTree = "<group>"; };
		65AF25F8258D05020037D2B5 /* Colors.swift */ = {isa = PBXFileReference; lastKnownFileType = sourcecode.swift; path = Colors.swift; sourceTree = "<group>"; };
		65B803F1259B62D0009D9DB3 /* DSBarBackButton.swift */ = {isa = PBXFileReference; lastKnownFileType = sourcecode.swift; path = DSBarBackButton.swift; sourceTree = "<group>"; };
		65ECB2B5259BAA6600BF8CEE /* CountryListDataSource.swift */ = {isa = PBXFileReference; lastKnownFileType = sourcecode.swift; path = CountryListDataSource.swift; sourceTree = "<group>"; };
		65ECB2BE259BAC8E00BF8CEE /* CountryListTableCell.swift */ = {isa = PBXFileReference; lastKnownFileType = sourcecode.swift; path = CountryListTableCell.swift; sourceTree = "<group>"; };
		65ECB2C3259BACBE00BF8CEE /* UITableView+cellForRow.swift */ = {isa = PBXFileReference; lastKnownFileType = sourcecode.swift; path = "UITableView+cellForRow.swift"; sourceTree = "<group>"; };
		65ECB2C8259BAD1300BF8CEE /* Reusable.swift */ = {isa = PBXFileReference; lastKnownFileType = sourcecode.swift; path = Reusable.swift; sourceTree = "<group>"; };
		65ECB2D5259BBB9800BF8CEE /* CountryListViewModel.swift */ = {isa = PBXFileReference; lastKnownFileType = sourcecode.swift; path = CountryListViewModel.swift; sourceTree = "<group>"; };
		8710B000866633E1CFF6A5C8 /* Pods-DoSport.debug.xcconfig */ = {isa = PBXFileReference; includeInIndex = 1; lastKnownFileType = text.xcconfig; name = "Pods-DoSport.debug.xcconfig"; path = "Target Support Files/Pods-DoSport/Pods-DoSport.debug.xcconfig"; sourceTree = "<group>"; };
		CE0A6B57258FBA26007E02CC /* CustomPageControl.swift */ = {isa = PBXFileReference; lastKnownFileType = sourcecode.swift; path = CustomPageControl.swift; sourceTree = "<group>"; };
		CEBA62DB2593F2A1006A7F80 /* TabBarItem.swift */ = {isa = PBXFileReference; lastKnownFileType = sourcecode.swift; path = TabBarItem.swift; sourceTree = "<group>"; };
		CEBA62E02593F2DE006A7F80 /* CustomTabView.swift */ = {isa = PBXFileReference; lastKnownFileType = sourcecode.swift; path = CustomTabView.swift; sourceTree = "<group>"; };
		CEBA62E52593F2F0006A7F80 /* MainMenuTabController.swift */ = {isa = PBXFileReference; lastKnownFileType = sourcecode.swift; path = MainMenuTabController.swift; sourceTree = "<group>"; };
		CEBA62EA2593F350006A7F80 /* TabBarIcons.xcassets */ = {isa = PBXFileReference; lastKnownFileType = folder.assetcatalog; path = TabBarIcons.xcassets; sourceTree = "<group>"; };
		CEBA62F02593F3FB006A7F80 /* MainViewController.swift */ = {isa = PBXFileReference; lastKnownFileType = sourcecode.swift; path = MainViewController.swift; sourceTree = "<group>"; };
		CEDEB779258CB404007B2BCA /* DoSport.app */ = {isa = PBXFileReference; explicitFileType = wrapper.application; includeInIndex = 0; path = DoSport.app; sourceTree = BUILT_PRODUCTS_DIR; };
		CEDEB77C258CB404007B2BCA /* AppDelegate.swift */ = {isa = PBXFileReference; lastKnownFileType = sourcecode.swift; path = AppDelegate.swift; sourceTree = "<group>"; };
		CEDEB77E258CB404007B2BCA /* SceneDelegate.swift */ = {isa = PBXFileReference; lastKnownFileType = sourcecode.swift; path = SceneDelegate.swift; sourceTree = "<group>"; };
		CEDEB785258CB40A007B2BCA /* Icons.xcassets */ = {isa = PBXFileReference; lastKnownFileType = folder.assetcatalog; path = Icons.xcassets; sourceTree = "<group>"; };
		CEDEB788258CB40A007B2BCA /* Base */ = {isa = PBXFileReference; lastKnownFileType = file.storyboard; name = Base; path = Base.lproj/LaunchScreen.storyboard; sourceTree = "<group>"; };
		CEDEB78A258CB40A007B2BCA /* Info.plist */ = {isa = PBXFileReference; lastKnownFileType = text.plist.xml; path = Info.plist; sourceTree = "<group>"; };
		CEDEB78F258CB40B007B2BCA /* DoSportTests.xctest */ = {isa = PBXFileReference; explicitFileType = wrapper.cfbundle; includeInIndex = 0; path = DoSportTests.xctest; sourceTree = BUILT_PRODUCTS_DIR; };
		CEDEB793258CB40B007B2BCA /* DoSportTests.swift */ = {isa = PBXFileReference; lastKnownFileType = sourcecode.swift; path = DoSportTests.swift; sourceTree = "<group>"; };
		CEDEB795258CB40B007B2BCA /* Info.plist */ = {isa = PBXFileReference; lastKnownFileType = text.plist.xml; path = Info.plist; sourceTree = "<group>"; };
		CEDEB79A258CB40B007B2BCA /* DoSportUITests.xctest */ = {isa = PBXFileReference; explicitFileType = wrapper.cfbundle; includeInIndex = 0; path = DoSportUITests.xctest; sourceTree = BUILT_PRODUCTS_DIR; };
		CEDEB79E258CB40B007B2BCA /* DoSportUITests.swift */ = {isa = PBXFileReference; lastKnownFileType = sourcecode.swift; path = DoSportUITests.swift; sourceTree = "<group>"; };
		CEDEB7A0258CB40B007B2BCA /* Info.plist */ = {isa = PBXFileReference; lastKnownFileType = text.plist.xml; path = Info.plist; sourceTree = "<group>"; };
		CEDEB840258CE146007B2BCA /* AbstractRequestFactory.swift */ = {isa = PBXFileReference; lastKnownFileType = sourcecode.swift; path = AbstractRequestFactory.swift; sourceTree = "<group>"; };
		CEDEB848258CE182007B2BCA /* RequestFactory.swift */ = {isa = PBXFileReference; lastKnownFileType = sourcecode.swift; path = RequestFactory.swift; sourceTree = "<group>"; };
		CEDEB84D258CE194007B2BCA /* ErrorParser.swift */ = {isa = PBXFileReference; lastKnownFileType = sourcecode.swift; path = ErrorParser.swift; sourceTree = "<group>"; };
		CEDEB852258CE1A5007B2BCA /* RequestRouter.swift */ = {isa = PBXFileReference; lastKnownFileType = sourcecode.swift; path = RequestRouter.swift; sourceTree = "<group>"; };
		CEDEB85B258CE1C7007B2BCA /* AuthRequest.swift */ = {isa = PBXFileReference; lastKnownFileType = sourcecode.swift; path = AuthRequest.swift; sourceTree = "<group>"; };
		CEDEB863258CE1D9007B2BCA /* GetUserInfo.swift */ = {isa = PBXFileReference; lastKnownFileType = sourcecode.swift; path = GetUserInfo.swift; sourceTree = "<group>"; };
		CEDEB868258CE1EB007B2BCA /* EditUserInfo.swift */ = {isa = PBXFileReference; lastKnownFileType = sourcecode.swift; path = EditUserInfo.swift; sourceTree = "<group>"; };
		CEDEB86D258CE208007B2BCA /* EditPasswordRequest.swift */ = {isa = PBXFileReference; lastKnownFileType = sourcecode.swift; path = EditPasswordRequest.swift; sourceTree = "<group>"; };
		CEDEB872258CE21C007B2BCA /* RegisterRequest.swift */ = {isa = PBXFileReference; lastKnownFileType = sourcecode.swift; path = RegisterRequest.swift; sourceTree = "<group>"; };
		CEDEB878258CE240007B2BCA /* Responses.swift */ = {isa = PBXFileReference; lastKnownFileType = sourcecode.swift; path = Responses.swift; sourceTree = "<group>"; };
		CEDEB87E258CE2EA007B2BCA /* Security.swift */ = {isa = PBXFileReference; lastKnownFileType = sourcecode.swift; path = Security.swift; sourceTree = "<group>"; };
		CEDEB889258CE7F2007B2BCA /* SFProDisplay-Regular.ttf */ = {isa = PBXFileReference; lastKnownFileType = file; path = "SFProDisplay-Regular.ttf"; sourceTree = "<group>"; };
		CEDEB896258CEC3C007B2BCA /* UIButton+Extensions.swift */ = {isa = PBXFileReference; lastKnownFileType = sourcecode.swift; path = "UIButton+Extensions.swift"; sourceTree = "<group>"; };
		CEDEB89E258CEC49007B2BCA /* UIColor+Extensions.swift */ = {isa = PBXFileReference; lastKnownFileType = sourcecode.swift; path = "UIColor+Extensions.swift"; sourceTree = "<group>"; };
		CEDEB8A3258CF020007B2BCA /* UILabel+Extensions.swift */ = {isa = PBXFileReference; lastKnownFileType = sourcecode.swift; path = "UILabel+Extensions.swift"; sourceTree = "<group>"; };
		CEDEB8F3258D311A007B2BCA /* OnBoardingViewController.swift */ = {isa = PBXFileReference; lastKnownFileType = sourcecode.swift; path = OnBoardingViewController.swift; sourceTree = "<group>"; };
		CEDEB8FB258D33D3007B2BCA /* OnBoardingAvatars.xcassets */ = {isa = PBXFileReference; lastKnownFileType = folder.assetcatalog; path = OnBoardingAvatars.xcassets; sourceTree = "<group>"; };
		CEDEB901258D371D007B2BCA /* OnBoardingViewCell.swift */ = {isa = PBXFileReference; lastKnownFileType = sourcecode.swift; path = OnBoardingViewCell.swift; sourceTree = "<group>"; };
		CEDEB909258D37D9007B2BCA /* OnBoardingModel.swift */ = {isa = PBXFileReference; lastKnownFileType = sourcecode.swift; path = OnBoardingModel.swift; sourceTree = "<group>"; };
		CEDEB913258D4C75007B2BCA /* UIImage.swift */ = {isa = PBXFileReference; lastKnownFileType = sourcecode.swift; path = UIImage.swift; sourceTree = "<group>"; };
/* End PBXFileReference section */

/* Begin PBXFrameworksBuildPhase section */
		CEDEB776258CB404007B2BCA /* Frameworks */ = {
			isa = PBXFrameworksBuildPhase;
			buildActionMask = 2147483647;
			files = (
				7BF396CFD1C28B5915E7ED3A /* Pods_DoSport.framework in Frameworks */,
			);
			runOnlyForDeploymentPostprocessing = 0;
		};
		CEDEB78C258CB40B007B2BCA /* Frameworks */ = {
			isa = PBXFrameworksBuildPhase;
			buildActionMask = 2147483647;
			files = (
			);
			runOnlyForDeploymentPostprocessing = 0;
		};
		CEDEB797258CB40B007B2BCA /* Frameworks */ = {
			isa = PBXFrameworksBuildPhase;
			buildActionMask = 2147483647;
			files = (
			);
			runOnlyForDeploymentPostprocessing = 0;
		};
/* End PBXFrameworksBuildPhase section */

/* Begin PBXGroup section */
		1B575704A7CC7F421F6A9B8A /* Pods */ = {
			isa = PBXGroup;
			children = (
				8710B000866633E1CFF6A5C8 /* Pods-DoSport.debug.xcconfig */,
				64CC31553A44BA1D8791E331 /* Pods-DoSport.release.xcconfig */,
			);
			path = Pods;
			sourceTree = "<group>";
		};
		653408AD259A86680072542D /* NavBar */ = {
			isa = PBXGroup;
			children = (
				653408AE259A86D40072542D /* DSNavBar.swift */,
				653408B3259A88BD0072542D /* DSSearchBar.swift */,
				65B803F1259B62D0009D9DB3 /* DSBarBackButton.swift */,
			);
			path = NavBar;
			sourceTree = "<group>";
		};
		656CC238259A4F5800DEC84C /* Submodules */ = {
			isa = PBXGroup;
			children = (
				656CC239259A4F6000DEC84C /* CountryList */,
			);
			path = Submodules;
			sourceTree = "<group>";
		};
		656CC239259A4F6000DEC84C /* CountryList */ = {
			isa = PBXGroup;
			children = (
				656CC242259A4F7C00DEC84C /* CountryListAssembly.swift */,
				6534089F259A80180072542D /* CountryListCoordinator.swift */,
				65ECB2B5259BAA6600BF8CEE /* CountryListDataSource.swift */,
				656CC247259A4F8700DEC84C /* CountryListView.swift */,
				656CC23A259A4F7100DEC84C /* CountryListViewController.swift */,
				65ECB2D5259BBB9800BF8CEE /* CountryListViewModel.swift */,
			);
			path = CountryList;
			sourceTree = "<group>";
		};
		656CC268259A51FB00DEC84C /* Utils */ = {
			isa = PBXGroup;
			children = (
				656CC269259A521000DEC84C /* LoadJson.swift */,
				65AAB2D825ACA0D000A86730 /* HideKeyboardWithAction.swift */,
			);
			path = Utils;
			sourceTree = "<group>";
		};
		65870505259209A700EFF7C7 /* Registration */ = {
			isa = PBXGroup;
			children = (
				659C61952593DB1D00C33D05 /* RegistrationAssembly.swift */,
				659C61A42593DB3F00C33D05 /* RegistrationCoordinator.swift */,
				659C61AC2593DB5A00C33D05 /* RegistrationView.swift */,
				659C619A2593DB2700C33D05 /* RegistrationViewController.swift */,
				659C619F2593DB3100C33D05 /* RegistrationViewModel.swift */,
			);
			path = Registration;
			sourceTree = "<group>";
		};
		6587052825920D0A00EFF7C7 /* Models */ = {
			isa = PBXGroup;
			children = (
				659C61C82593E15700C33D05 /* UserCountry.swift */,
			);
			path = Models;
			sourceTree = "<group>";
		};
		6587052925920D9800EFF7C7 /* CustomViews */ = {
			isa = PBXGroup;
			children = (
				65AAB2DD25ACA40C00A86730 /* DSEmptyView.swift */,
				6595194E25A86D9F00CC15E0 /* DSNavigationController.swift */,
				6587052A25920DA300EFF7C7 /* Components */,
				653408AD259A86680072542D /* NavBar */,
			);
			path = CustomViews;
			sourceTree = "<group>";
		};
		6587052A25920DA300EFF7C7 /* Components */ = {
			isa = PBXGroup;
			children = (
				6587052B25920EC800EFF7C7 /* CommonButton.swift */,
				659C61B32593DE0C00C33D05 /* PhoneNumberAddView.swift */,
			);
			path = Components;
			sourceTree = "<group>";
		};
		658705332592169D00EFF7C7 /* Base */ = {
			isa = PBXGroup;
			children = (
				658705342592169F00EFF7C7 /* Protocols */,
				6587053D2592493400EFF7C7 /* Coordinator.swift */,
			);
			path = Base;
			sourceTree = "<group>";
		};
		658705342592169F00EFF7C7 /* Protocols */ = {
			isa = PBXGroup;
			children = (
				65870535259216AA00EFF7C7 /* Assembly.swift */,
				65ECB2C8259BAD1300BF8CEE /* Reusable.swift */,
			);
			path = Protocols;
			sourceTree = "<group>";
		};
		659C61732593D3F700C33D05 /* Auth */ = {
			isa = PBXGroup;
			children = (
				6587051C25920A0B00EFF7C7 /* AuthAssembly.swift */,
				6587051725920A0100EFF7C7 /* AuthCoordinator.swift */,
				658705502592540D00EFF7C7 /* AuthView.swift */,
				65870507259209ED00EFF7C7 /* AuthViewController.swift */,
				65870512259209F700EFF7C7 /* AuthViewModel.swift */,
				656CC238259A4F5800DEC84C /* Submodules */,
			);
			path = Auth;
			sourceTree = "<group>";
		};
		65AF25EF258D04DF0037D2B5 /* Icons */ = {
			isa = PBXGroup;
			children = (
				CEDEB785258CB40A007B2BCA /* Icons.xcassets */,
				65AF25F0258D04E60037D2B5 /* Icons.swift */,
			);
			path = Icons;
			sourceTree = "<group>";
		};
		65AF25F2258D04EC0037D2B5 /* Fonts */ = {
			isa = PBXGroup;
			children = (
				65AF25F3258D04F10037D2B5 /* Fonts.swift */,
				CEDEB889258CE7F2007B2BCA /* SFProDisplay-Regular.ttf */,
			);
			path = Fonts;
			sourceTree = "<group>";
		};
		65AF25F5258D04F40037D2B5 /* Storyboards */ = {
			isa = PBXGroup;
			children = (
				CEDEB787258CB40A007B2BCA /* LaunchScreen.storyboard */,
			);
			path = Storyboards;
			sourceTree = "<group>";
		};
		65CE01C925A88B8000556C7B /* CountryListTableCell */ = {
			isa = PBXGroup;
			children = (
				65ECB2BE259BAC8E00BF8CEE /* CountryListTableCell.swift */,
				6595195325A8704300CC15E0 /* CountryListTableCellSectionModel.swift */,
				6595195825A87C0100CC15E0 /* CountryListTableCellHeaderView.swift */,
			);
			path = CountryListTableCell;
			sourceTree = "<group>";
		};
		65ECB2BD259BAC7100BF8CEE /* Cells */ = {
			isa = PBXGroup;
			children = (
				65CE01C925A88B8000556C7B /* CountryListTableCell */,
			);
			path = Cells;
			sourceTree = "<group>";
		};
		A3E05DD1930B2B68A638B73F /* Frameworks */ = {
			isa = PBXGroup;
			children = (
				0107261957BEB8CDB3A46B6B /* Pods_DoSport.framework */,
			);
			name = Frameworks;
			sourceTree = "<group>";
		};
		CEBA62DA2593F278006A7F80 /* TabBarController */ = {
			isa = PBXGroup;
			children = (
				CEBA62DB2593F2A1006A7F80 /* TabBarItem.swift */,
				CEBA62E02593F2DE006A7F80 /* CustomTabView.swift */,
				CEBA62E52593F2F0006A7F80 /* MainMenuTabController.swift */,
				CEBA62EA2593F350006A7F80 /* TabBarIcons.xcassets */,
			);
			path = TabBarController;
			sourceTree = "<group>";
		};
		CEBA62EF2593F3E2006A7F80 /* MainViewController */ = {
			isa = PBXGroup;
			children = (
				CEBA62F02593F3FB006A7F80 /* MainViewController.swift */,
			);
			path = MainViewController;
			sourceTree = "<group>";
		};
		CEDEB770258CB404007B2BCA = {
			isa = PBXGroup;
			children = (
				CEDEB77B258CB404007B2BCA /* DoSport */,
				CEDEB792258CB40B007B2BCA /* DoSportTests */,
				CEDEB79D258CB40B007B2BCA /* DoSportUITests */,
				CEDEB77A258CB404007B2BCA /* Products */,
				1B575704A7CC7F421F6A9B8A /* Pods */,
				A3E05DD1930B2B68A638B73F /* Frameworks */,
			);
			sourceTree = "<group>";
		};
		CEDEB77A258CB404007B2BCA /* Products */ = {
			isa = PBXGroup;
			children = (
				CEDEB779258CB404007B2BCA /* DoSport.app */,
				CEDEB78F258CB40B007B2BCA /* DoSportTests.xctest */,
				CEDEB79A258CB40B007B2BCA /* DoSportUITests.xctest */,
			);
			name = Products;
			sourceTree = "<group>";
		};
		CEDEB77B258CB404007B2BCA /* DoSport */ = {
			isa = PBXGroup;
			children = (
				CEDEB7BB258CDC4D007B2BCA /* Application */,
				CEDEB8DF258CF94C007B2BCA /* Flow */,
				CEDEB83B258CE0EF007B2BCA /* Service */,
				CEDEB887258CE793007B2BCA /* Helpers */,
				CEDEB886258CE77C007B2BCA /* Resourses */,
			);
			path = DoSport;
			sourceTree = "<group>";
		};
		CEDEB792258CB40B007B2BCA /* DoSportTests */ = {
			isa = PBXGroup;
			children = (
				CEDEB793258CB40B007B2BCA /* DoSportTests.swift */,
				CEDEB795258CB40B007B2BCA /* Info.plist */,
			);
			path = DoSportTests;
			sourceTree = "<group>";
		};
		CEDEB79D258CB40B007B2BCA /* DoSportUITests */ = {
			isa = PBXGroup;
			children = (
				CEDEB79E258CB40B007B2BCA /* DoSportUITests.swift */,
				CEDEB7A0258CB40B007B2BCA /* Info.plist */,
			);
			path = DoSportUITests;
			sourceTree = "<group>";
		};
		CEDEB7BB258CDC4D007B2BCA /* Application */ = {
			isa = PBXGroup;
			children = (
				CEDEB77C258CB404007B2BCA /* AppDelegate.swift */,
				CEDEB77E258CB404007B2BCA /* SceneDelegate.swift */,
				6587054B25924C3200EFF7C7 /* AppCoordinator.swift */,
			);
			path = Application;
			sourceTree = "<group>";
		};
		CEDEB83B258CE0EF007B2BCA /* Service */ = {
			isa = PBXGroup;
			children = (
				CEDEB83C258CE0FE007B2BCA /* Network */,
			);
			path = Service;
			sourceTree = "<group>";
		};
		CEDEB83C258CE0FE007B2BCA /* Network */ = {
			isa = PBXGroup;
			children = (
				CEDEB85A258CE1BD007B2BCA /* RequestList */,
				CEDEB840258CE146007B2BCA /* AbstractRequestFactory.swift */,
				CEDEB848258CE182007B2BCA /* RequestFactory.swift */,
				CEDEB84D258CE194007B2BCA /* ErrorParser.swift */,
				CEDEB852258CE1A5007B2BCA /* RequestRouter.swift */,
			);
			path = Network;
			sourceTree = "<group>";
		};
		CEDEB85A258CE1BD007B2BCA /* RequestList */ = {
			isa = PBXGroup;
			children = (
				CEDEB87D258CE2D9007B2BCA /* Security */,
				CEDEB877258CE22A007B2BCA /* ResponseEntity */,
				CEDEB85B258CE1C7007B2BCA /* AuthRequest.swift */,
				CEDEB863258CE1D9007B2BCA /* GetUserInfo.swift */,
				CEDEB868258CE1EB007B2BCA /* EditUserInfo.swift */,
				CEDEB86D258CE208007B2BCA /* EditPasswordRequest.swift */,
				CEDEB872258CE21C007B2BCA /* RegisterRequest.swift */,
			);
			path = RequestList;
			sourceTree = "<group>";
		};
		CEDEB877258CE22A007B2BCA /* ResponseEntity */ = {
			isa = PBXGroup;
			children = (
				CEDEB878258CE240007B2BCA /* Responses.swift */,
			);
			path = ResponseEntity;
			sourceTree = "<group>";
		};
		CEDEB87D258CE2D9007B2BCA /* Security */ = {
			isa = PBXGroup;
			children = (
				CEDEB87E258CE2EA007B2BCA /* Security.swift */,
			);
			path = Security;
			sourceTree = "<group>";
		};
		CEDEB886258CE77C007B2BCA /* Resourses */ = {
			isa = PBXGroup;
			children = (
				656CC24C259A50A200DEC84C /* CountryList.json */,
				CEDEB78A258CB40A007B2BCA /* Info.plist */,
				65AF25F8258D05020037D2B5 /* Colors.swift */,
				65AF25F6258D04FD0037D2B5 /* Texts.swift */,
				65AF25F2258D04EC0037D2B5 /* Fonts */,
				65AF25EF258D04DF0037D2B5 /* Icons */,
				65AF25F5258D04F40037D2B5 /* Storyboards */,
			);
			path = Resourses;
			sourceTree = "<group>";
		};
		CEDEB887258CE793007B2BCA /* Helpers */ = {
			isa = PBXGroup;
			children = (
				658705332592169D00EFF7C7 /* Base */,
				65ECB2BD259BAC7100BF8CEE /* Cells */,
				6587052925920D9800EFF7C7 /* CustomViews */,
				CEDEB895258CEC2F007B2BCA /* Extensions */,
				6587052825920D0A00EFF7C7 /* Models */,
				656CC268259A51FB00DEC84C /* Utils */,
			);
			path = Helpers;
			sourceTree = "<group>";
		};
		CEDEB895258CEC2F007B2BCA /* Extensions */ = {
			isa = PBXGroup;
			children = (
				CEDEB896258CEC3C007B2BCA /* UIButton+Extensions.swift */,
				CEDEB89E258CEC49007B2BCA /* UIColor+Extensions.swift */,
				CEDEB8A3258CF020007B2BCA /* UILabel+Extensions.swift */,
				6529500B258D6EE2002AA621 /* UIColor+inits.swift */,
				659C61BB2593DF4C00C33D05 /* UIView+addSubviews.swift */,
				CEDEB913258D4C75007B2BCA /* UIImage.swift */,
				65ECB2C3259BACBE00BF8CEE /* UITableView+cellForRow.swift */,
			);
			path = Extensions;
			sourceTree = "<group>";
		};
		CEDEB8DF258CF94C007B2BCA /* Flow */ = {
			isa = PBXGroup;
			children = (
				CEBA62EF2593F3E2006A7F80 /* MainViewController */,
				CEBA62DA2593F278006A7F80 /* TabBarController */,
				CEDEB8F2258D2FE3007B2BCA /* OnBoardViewController */,
				659C61732593D3F700C33D05 /* Auth */,
				65870505259209A700EFF7C7 /* Registration */,
			);
			path = Flow;
			sourceTree = "<group>";
		};
		CEDEB8F2258D2FE3007B2BCA /* OnBoardViewController */ = {
			isa = PBXGroup;
			children = (
				CEDEB900258D370A007B2BCA /* Cell */,
				CEDEB8F3258D311A007B2BCA /* OnBoardingViewController.swift */,
				CE0A6B57258FBA26007E02CC /* CustomPageControl.swift */,
				CEDEB8FB258D33D3007B2BCA /* OnBoardingAvatars.xcassets */,
			);
			path = OnBoardViewController;
			sourceTree = "<group>";
		};
		CEDEB900258D370A007B2BCA /* Cell */ = {
			isa = PBXGroup;
			children = (
				CEDEB901258D371D007B2BCA /* OnBoardingViewCell.swift */,
				CEDEB909258D37D9007B2BCA /* OnBoardingModel.swift */,
			);
			path = Cell;
			sourceTree = "<group>";
		};
/* End PBXGroup section */

/* Begin PBXNativeTarget section */
		CEDEB778258CB404007B2BCA /* DoSport */ = {
			isa = PBXNativeTarget;
			buildConfigurationList = CEDEB7A3258CB40B007B2BCA /* Build configuration list for PBXNativeTarget "DoSport" */;
			buildPhases = (
				F7DE4B5F693F2834AAF82631 /* [CP] Check Pods Manifest.lock */,
				CEDEB775258CB404007B2BCA /* Sources */,
				CEDEB776258CB404007B2BCA /* Frameworks */,
				CEDEB777258CB404007B2BCA /* Resources */,
				AF9038B6B44AB23BF25E1F26 /* [CP] Embed Pods Frameworks */,
				481122E732BB4D99BB82F80D /* [CP] Copy Pods Resources */,
			);
			buildRules = (
			);
			dependencies = (
			);
			name = DoSport;
			productName = DoSport;
			productReference = CEDEB779258CB404007B2BCA /* DoSport.app */;
			productType = "com.apple.product-type.application";
		};
		CEDEB78E258CB40B007B2BCA /* DoSportTests */ = {
			isa = PBXNativeTarget;
			buildConfigurationList = CEDEB7A6258CB40B007B2BCA /* Build configuration list for PBXNativeTarget "DoSportTests" */;
			buildPhases = (
				CEDEB78B258CB40B007B2BCA /* Sources */,
				CEDEB78C258CB40B007B2BCA /* Frameworks */,
				CEDEB78D258CB40B007B2BCA /* Resources */,
			);
			buildRules = (
			);
			dependencies = (
				CEDEB791258CB40B007B2BCA /* PBXTargetDependency */,
			);
			name = DoSportTests;
			productName = DoSportTests;
			productReference = CEDEB78F258CB40B007B2BCA /* DoSportTests.xctest */;
			productType = "com.apple.product-type.bundle.unit-test";
		};
		CEDEB799258CB40B007B2BCA /* DoSportUITests */ = {
			isa = PBXNativeTarget;
			buildConfigurationList = CEDEB7A9258CB40B007B2BCA /* Build configuration list for PBXNativeTarget "DoSportUITests" */;
			buildPhases = (
				CEDEB796258CB40B007B2BCA /* Sources */,
				CEDEB797258CB40B007B2BCA /* Frameworks */,
				CEDEB798258CB40B007B2BCA /* Resources */,
			);
			buildRules = (
			);
			dependencies = (
				CEDEB79C258CB40B007B2BCA /* PBXTargetDependency */,
			);
			name = DoSportUITests;
			productName = DoSportUITests;
			productReference = CEDEB79A258CB40B007B2BCA /* DoSportUITests.xctest */;
			productType = "com.apple.product-type.bundle.ui-testing";
		};
/* End PBXNativeTarget section */

/* Begin PBXProject section */
		CEDEB771258CB404007B2BCA /* Project object */ = {
			isa = PBXProject;
			attributes = {
				LastSwiftUpdateCheck = 1220;
				LastUpgradeCheck = 1220;
				TargetAttributes = {
					CEDEB778258CB404007B2BCA = {
						CreatedOnToolsVersion = 12.2;
					};
					CEDEB78E258CB40B007B2BCA = {
						CreatedOnToolsVersion = 12.2;
						TestTargetID = CEDEB778258CB404007B2BCA;
					};
					CEDEB799258CB40B007B2BCA = {
						CreatedOnToolsVersion = 12.2;
						TestTargetID = CEDEB778258CB404007B2BCA;
					};
				};
			};
			buildConfigurationList = CEDEB774258CB404007B2BCA /* Build configuration list for PBXProject "DoSport" */;
			compatibilityVersion = "Xcode 9.3";
			developmentRegion = en;
			hasScannedForEncodings = 0;
			knownRegions = (
				en,
				Base,
			);
			mainGroup = CEDEB770258CB404007B2BCA;
			productRefGroup = CEDEB77A258CB404007B2BCA /* Products */;
			projectDirPath = "";
			projectRoot = "";
			targets = (
				CEDEB778258CB404007B2BCA /* DoSport */,
				CEDEB78E258CB40B007B2BCA /* DoSportTests */,
				CEDEB799258CB40B007B2BCA /* DoSportUITests */,
			);
		};
/* End PBXProject section */

/* Begin PBXResourcesBuildPhase section */
		CEDEB777258CB404007B2BCA /* Resources */ = {
			isa = PBXResourcesBuildPhase;
			buildActionMask = 2147483647;
			files = (
				65DE5DC2259BCF2E00DEF482 /* CountryList.json in Resources */,
				CEDEB789258CB40A007B2BCA /* LaunchScreen.storyboard in Resources */,
				CEDEB8FC258D33D3007B2BCA /* OnBoardingAvatars.xcassets in Resources */,
				CEDEB786258CB40A007B2BCA /* Icons.xcassets in Resources */,
				CE0A6B39258F89F5007E02CC /* SFProDisplay-Regular.ttf in Resources */,
				CEBA62EB2593F350006A7F80 /* TabBarIcons.xcassets in Resources */,
			);
			runOnlyForDeploymentPostprocessing = 0;
		};
		CEDEB78D258CB40B007B2BCA /* Resources */ = {
			isa = PBXResourcesBuildPhase;
			buildActionMask = 2147483647;
			files = (
			);
			runOnlyForDeploymentPostprocessing = 0;
		};
		CEDEB798258CB40B007B2BCA /* Resources */ = {
			isa = PBXResourcesBuildPhase;
			buildActionMask = 2147483647;
			files = (
			);
			runOnlyForDeploymentPostprocessing = 0;
		};
/* End PBXResourcesBuildPhase section */

/* Begin PBXShellScriptBuildPhase section */
		481122E732BB4D99BB82F80D /* [CP] Copy Pods Resources */ = {
			isa = PBXShellScriptBuildPhase;
			buildActionMask = 2147483647;
			files = (
			);
			inputFileListPaths = (
				"${PODS_ROOT}/Target Support Files/Pods-DoSport/Pods-DoSport-resources-${CONFIGURATION}-input-files.xcfilelist",
			);
			name = "[CP] Copy Pods Resources";
			outputFileListPaths = (
				"${PODS_ROOT}/Target Support Files/Pods-DoSport/Pods-DoSport-resources-${CONFIGURATION}-output-files.xcfilelist",
			);
			runOnlyForDeploymentPostprocessing = 0;
			shellPath = /bin/sh;
			shellScript = "\"${PODS_ROOT}/Target Support Files/Pods-DoSport/Pods-DoSport-resources.sh\"\n";
			showEnvVarsInLog = 0;
		};
		AF9038B6B44AB23BF25E1F26 /* [CP] Embed Pods Frameworks */ = {
			isa = PBXShellScriptBuildPhase;
			buildActionMask = 2147483647;
			files = (
			);
			inputFileListPaths = (
				"${PODS_ROOT}/Target Support Files/Pods-DoSport/Pods-DoSport-frameworks-${CONFIGURATION}-input-files.xcfilelist",
			);
			name = "[CP] Embed Pods Frameworks";
			outputFileListPaths = (
				"${PODS_ROOT}/Target Support Files/Pods-DoSport/Pods-DoSport-frameworks-${CONFIGURATION}-output-files.xcfilelist",
			);
			runOnlyForDeploymentPostprocessing = 0;
			shellPath = /bin/sh;
			shellScript = "\"${PODS_ROOT}/Target Support Files/Pods-DoSport/Pods-DoSport-frameworks.sh\"\n";
			showEnvVarsInLog = 0;
		};
		F7DE4B5F693F2834AAF82631 /* [CP] Check Pods Manifest.lock */ = {
			isa = PBXShellScriptBuildPhase;
			buildActionMask = 2147483647;
			files = (
			);
			inputFileListPaths = (
			);
			inputPaths = (
				"${PODS_PODFILE_DIR_PATH}/Podfile.lock",
				"${PODS_ROOT}/Manifest.lock",
			);
			name = "[CP] Check Pods Manifest.lock";
			outputFileListPaths = (
			);
			outputPaths = (
				"$(DERIVED_FILE_DIR)/Pods-DoSport-checkManifestLockResult.txt",
			);
			runOnlyForDeploymentPostprocessing = 0;
			shellPath = /bin/sh;
			shellScript = "diff \"${PODS_PODFILE_DIR_PATH}/Podfile.lock\" \"${PODS_ROOT}/Manifest.lock\" > /dev/null\nif [ $? != 0 ] ; then\n    # print error to STDERR\n    echo \"error: The sandbox is not in sync with the Podfile.lock. Run 'pod install' or update your CocoaPods installation.\" >&2\n    exit 1\nfi\n# This output is used by Xcode 'outputs' to avoid re-running this script phase.\necho \"SUCCESS\" > \"${SCRIPT_OUTPUT_FILE_0}\"\n";
			showEnvVarsInLog = 0;
		};
/* End PBXShellScriptBuildPhase section */

/* Begin PBXSourcesBuildPhase section */
		CEDEB775258CB404007B2BCA /* Sources */ = {
			isa = PBXSourcesBuildPhase;
			buildActionMask = 2147483647;
			files = (
				65AAB2F525ACB16A00A86730 /* CommonButton.swift in Sources */,
				65340899259A77280072542D /* EditUserInfo.swift in Sources */,
				6595195425A8704300CC15E0 /* CountryListTableCellSectionModel.swift in Sources */,
				65AAB2DE25ACA40C00A86730 /* DSEmptyView.swift in Sources */,
				6534089A259A77280072542D /* AbstractRequestFactory.swift in Sources */,
				653408AF259A86D40072542D /* DSNavBar.swift in Sources */,
				6534089B259A77280072542D /* UIImage.swift in Sources */,
				CEBA6375259884D9006A7F80 /* PhoneNumberAddView.swift in Sources */,
				CEDEB853258CE1A5007B2BCA /* RequestRouter.swift in Sources */,
				65870513259209F700EFF7C7 /* AuthViewModel.swift in Sources */,
				6529500C258D6EE2002AA621 /* UIColor+inits.swift in Sources */,
				65B803F2259B62D0009D9DB3 /* DSBarBackButton.swift in Sources */,
				65ECB2C4259BACBE00BF8CEE /* UITableView+cellForRow.swift in Sources */,
				65ECB2C9259BAD1300BF8CEE /* Reusable.swift in Sources */,
				659C61AD2593DB5A00C33D05 /* RegistrationView.swift in Sources */,
				659C619B2593DB2700C33D05 /* RegistrationViewController.swift in Sources */,
				658705512592540D00EFF7C7 /* AuthView.swift in Sources */,
				65AF25F9258D05020037D2B5 /* Colors.swift in Sources */,
				659C61C92593E15700C33D05 /* UserCountry.swift in Sources */,
				CEDEB864258CE1D9007B2BCA /* GetUserInfo.swift in Sources */,
				CEDEB8F4258D311A007B2BCA /* OnBoardingViewController.swift in Sources */,
				CEDEB873258CE21C007B2BCA /* RegisterRequest.swift in Sources */,
				6587051D25920A0B00EFF7C7 /* AuthAssembly.swift in Sources */,
				653408B4259A88BD0072542D /* DSSearchBar.swift in Sources */,
				CEBA62F12593F3FB006A7F80 /* MainViewController.swift in Sources */,
				CEDEB84E258CE194007B2BCA /* ErrorParser.swift in Sources */,
				656CC26A259A521000DEC84C /* LoadJson.swift in Sources */,
				CEDEB849258CE182007B2BCA /* RequestFactory.swift in Sources */,
				CE0A6B58258FBA26007E02CC /* CustomPageControl.swift in Sources */,
				65AAB2D925ACA0D000A86730 /* HideKeyboardWithAction.swift in Sources */,
				CEDEB902258D371D007B2BCA /* OnBoardingViewCell.swift in Sources */,
				6587054C25924C3200EFF7C7 /* AppCoordinator.swift in Sources */,
				659C61A02593DB3100C33D05 /* RegistrationViewModel.swift in Sources */,
				CEDEB897258CEC3C007B2BCA /* UIButton+Extensions.swift in Sources */,
				6595195925A87C0100CC15E0 /* CountryListTableCellHeaderView.swift in Sources */,
				656CC248259A4F8700DEC84C /* CountryListView.swift in Sources */,
				659C61962593DB1D00C33D05 /* RegistrationAssembly.swift in Sources */,
				65ECB2D6259BBB9800BF8CEE /* CountryListViewModel.swift in Sources */,
				6587051825920A0100EFF7C7 /* AuthCoordinator.swift in Sources */,
				65870508259209ED00EFF7C7 /* AuthViewController.swift in Sources */,
				CEDEB879258CE240007B2BCA /* Responses.swift in Sources */,
				653408A0259A80180072542D /* CountryListCoordinator.swift in Sources */,
				65870536259216AA00EFF7C7 /* Assembly.swift in Sources */,
				6587053E2592493400EFF7C7 /* Coordinator.swift in Sources */,
				CEDEB77D258CB404007B2BCA /* AppDelegate.swift in Sources */,
				CEDEB8A4258CF020007B2BCA /* UILabel+Extensions.swift in Sources */,
				656CC23B259A4F7100DEC84C /* CountryListViewController.swift in Sources */,
				CEDEB77F258CB404007B2BCA /* SceneDelegate.swift in Sources */,
				CEDEB85C258CE1C7007B2BCA /* AuthRequest.swift in Sources */,
				6595194F25A86D9F00CC15E0 /* DSNavigationController.swift in Sources */,
				659C61A52593DB3F00C33D05 /* RegistrationCoordinator.swift in Sources */,
				65AF25F7258D04FD0037D2B5 /* Texts.swift in Sources */,
				659C61BC2593DF4C00C33D05 /* UIView+addSubviews.swift in Sources */,
				CEDEB86E258CE208007B2BCA /* EditPasswordRequest.swift in Sources */,
				65ECB2BF259BAC8E00BF8CEE /* CountryListTableCell.swift in Sources */,
				CEBA62DC2593F2A1006A7F80 /* TabBarItem.swift in Sources */,
				CEDEB90A258D37D9007B2BCA /* OnBoardingModel.swift in Sources */,
				65AF25F4258D04F10037D2B5 /* Fonts.swift in Sources */,
				65ECB2B6259BAA6600BF8CEE /* CountryListDataSource.swift in Sources */,
				65AF25F1258D04E60037D2B5 /* Icons.swift in Sources */,
				CEBA62E62593F2F0006A7F80 /* MainMenuTabController.swift in Sources */,
				CEDEB89F258CEC49007B2BCA /* UIColor+Extensions.swift in Sources */,
				656CC243259A4F7C00DEC84C /* CountryListAssembly.swift in Sources */,
				CEDEB87F258CE2EA007B2BCA /* Security.swift in Sources */,
				CEBA62E12593F2DE006A7F80 /* CustomTabView.swift in Sources */,
			);
			runOnlyForDeploymentPostprocessing = 0;
		};
		CEDEB78B258CB40B007B2BCA /* Sources */ = {
			isa = PBXSourcesBuildPhase;
			buildActionMask = 2147483647;
			files = (
				CEDEB794258CB40B007B2BCA /* DoSportTests.swift in Sources */,
			);
			runOnlyForDeploymentPostprocessing = 0;
		};
		CEDEB796258CB40B007B2BCA /* Sources */ = {
			isa = PBXSourcesBuildPhase;
			buildActionMask = 2147483647;
			files = (
				CEDEB79F258CB40B007B2BCA /* DoSportUITests.swift in Sources */,
			);
			runOnlyForDeploymentPostprocessing = 0;
		};
/* End PBXSourcesBuildPhase section */

/* Begin PBXTargetDependency section */
		CEDEB791258CB40B007B2BCA /* PBXTargetDependency */ = {
			isa = PBXTargetDependency;
			target = CEDEB778258CB404007B2BCA /* DoSport */;
			targetProxy = CEDEB790258CB40B007B2BCA /* PBXContainerItemProxy */;
		};
		CEDEB79C258CB40B007B2BCA /* PBXTargetDependency */ = {
			isa = PBXTargetDependency;
			target = CEDEB778258CB404007B2BCA /* DoSport */;
			targetProxy = CEDEB79B258CB40B007B2BCA /* PBXContainerItemProxy */;
		};
/* End PBXTargetDependency section */

/* Begin PBXVariantGroup section */
		CEDEB787258CB40A007B2BCA /* LaunchScreen.storyboard */ = {
			isa = PBXVariantGroup;
			children = (
				CEDEB788258CB40A007B2BCA /* Base */,
			);
			name = LaunchScreen.storyboard;
			sourceTree = "<group>";
		};
/* End PBXVariantGroup section */

/* Begin XCBuildConfiguration section */
		CEDEB7A1258CB40B007B2BCA /* Debug */ = {
			isa = XCBuildConfiguration;
			buildSettings = {
				ALWAYS_SEARCH_USER_PATHS = NO;
				CLANG_ANALYZER_NONNULL = YES;
				CLANG_ANALYZER_NUMBER_OBJECT_CONVERSION = YES_AGGRESSIVE;
				CLANG_CXX_LANGUAGE_STANDARD = "gnu++14";
				CLANG_CXX_LIBRARY = "libc++";
				CLANG_ENABLE_MODULES = YES;
				CLANG_ENABLE_OBJC_ARC = YES;
				CLANG_ENABLE_OBJC_WEAK = YES;
				CLANG_WARN_BLOCK_CAPTURE_AUTORELEASING = YES;
				CLANG_WARN_BOOL_CONVERSION = YES;
				CLANG_WARN_COMMA = YES;
				CLANG_WARN_CONSTANT_CONVERSION = YES;
				CLANG_WARN_DEPRECATED_OBJC_IMPLEMENTATIONS = YES;
				CLANG_WARN_DIRECT_OBJC_ISA_USAGE = YES_ERROR;
				CLANG_WARN_DOCUMENTATION_COMMENTS = YES;
				CLANG_WARN_EMPTY_BODY = YES;
				CLANG_WARN_ENUM_CONVERSION = YES;
				CLANG_WARN_INFINITE_RECURSION = YES;
				CLANG_WARN_INT_CONVERSION = YES;
				CLANG_WARN_NON_LITERAL_NULL_CONVERSION = YES;
				CLANG_WARN_OBJC_IMPLICIT_RETAIN_SELF = YES;
				CLANG_WARN_OBJC_LITERAL_CONVERSION = YES;
				CLANG_WARN_OBJC_ROOT_CLASS = YES_ERROR;
				CLANG_WARN_QUOTED_INCLUDE_IN_FRAMEWORK_HEADER = YES;
				CLANG_WARN_RANGE_LOOP_ANALYSIS = YES;
				CLANG_WARN_STRICT_PROTOTYPES = YES;
				CLANG_WARN_SUSPICIOUS_MOVE = YES;
				CLANG_WARN_UNGUARDED_AVAILABILITY = YES_AGGRESSIVE;
				CLANG_WARN_UNREACHABLE_CODE = YES;
				CLANG_WARN__DUPLICATE_METHOD_MATCH = YES;
				COPY_PHASE_STRIP = NO;
				DEBUG_INFORMATION_FORMAT = dwarf;
				ENABLE_STRICT_OBJC_MSGSEND = YES;
				ENABLE_TESTABILITY = YES;
				GCC_C_LANGUAGE_STANDARD = gnu11;
				GCC_DYNAMIC_NO_PIC = NO;
				GCC_NO_COMMON_BLOCKS = YES;
				GCC_OPTIMIZATION_LEVEL = 0;
				GCC_PREPROCESSOR_DEFINITIONS = (
					"DEBUG=1",
					"$(inherited)",
				);
				GCC_WARN_64_TO_32_BIT_CONVERSION = YES;
				GCC_WARN_ABOUT_RETURN_TYPE = YES_ERROR;
				GCC_WARN_UNDECLARED_SELECTOR = YES;
				GCC_WARN_UNINITIALIZED_AUTOS = YES_AGGRESSIVE;
				GCC_WARN_UNUSED_FUNCTION = YES;
				GCC_WARN_UNUSED_VARIABLE = YES;
				IPHONEOS_DEPLOYMENT_TARGET = 12.4;
				MTL_ENABLE_DEBUG_INFO = INCLUDE_SOURCE;
				MTL_FAST_MATH = YES;
				ONLY_ACTIVE_ARCH = YES;
				SDKROOT = iphoneos;
				SWIFT_ACTIVE_COMPILATION_CONDITIONS = DEBUG;
				SWIFT_OPTIMIZATION_LEVEL = "-Onone";
			};
			name = Debug;
		};
		CEDEB7A2258CB40B007B2BCA /* Release */ = {
			isa = XCBuildConfiguration;
			buildSettings = {
				ALWAYS_SEARCH_USER_PATHS = NO;
				CLANG_ANALYZER_NONNULL = YES;
				CLANG_ANALYZER_NUMBER_OBJECT_CONVERSION = YES_AGGRESSIVE;
				CLANG_CXX_LANGUAGE_STANDARD = "gnu++14";
				CLANG_CXX_LIBRARY = "libc++";
				CLANG_ENABLE_MODULES = YES;
				CLANG_ENABLE_OBJC_ARC = YES;
				CLANG_ENABLE_OBJC_WEAK = YES;
				CLANG_WARN_BLOCK_CAPTURE_AUTORELEASING = YES;
				CLANG_WARN_BOOL_CONVERSION = YES;
				CLANG_WARN_COMMA = YES;
				CLANG_WARN_CONSTANT_CONVERSION = YES;
				CLANG_WARN_DEPRECATED_OBJC_IMPLEMENTATIONS = YES;
				CLANG_WARN_DIRECT_OBJC_ISA_USAGE = YES_ERROR;
				CLANG_WARN_DOCUMENTATION_COMMENTS = YES;
				CLANG_WARN_EMPTY_BODY = YES;
				CLANG_WARN_ENUM_CONVERSION = YES;
				CLANG_WARN_INFINITE_RECURSION = YES;
				CLANG_WARN_INT_CONVERSION = YES;
				CLANG_WARN_NON_LITERAL_NULL_CONVERSION = YES;
				CLANG_WARN_OBJC_IMPLICIT_RETAIN_SELF = YES;
				CLANG_WARN_OBJC_LITERAL_CONVERSION = YES;
				CLANG_WARN_OBJC_ROOT_CLASS = YES_ERROR;
				CLANG_WARN_QUOTED_INCLUDE_IN_FRAMEWORK_HEADER = YES;
				CLANG_WARN_RANGE_LOOP_ANALYSIS = YES;
				CLANG_WARN_STRICT_PROTOTYPES = YES;
				CLANG_WARN_SUSPICIOUS_MOVE = YES;
				CLANG_WARN_UNGUARDED_AVAILABILITY = YES_AGGRESSIVE;
				CLANG_WARN_UNREACHABLE_CODE = YES;
				CLANG_WARN__DUPLICATE_METHOD_MATCH = YES;
				COPY_PHASE_STRIP = NO;
				DEBUG_INFORMATION_FORMAT = "dwarf-with-dsym";
				ENABLE_NS_ASSERTIONS = NO;
				ENABLE_STRICT_OBJC_MSGSEND = YES;
				GCC_C_LANGUAGE_STANDARD = gnu11;
				GCC_NO_COMMON_BLOCKS = YES;
				GCC_WARN_64_TO_32_BIT_CONVERSION = YES;
				GCC_WARN_ABOUT_RETURN_TYPE = YES_ERROR;
				GCC_WARN_UNDECLARED_SELECTOR = YES;
				GCC_WARN_UNINITIALIZED_AUTOS = YES_AGGRESSIVE;
				GCC_WARN_UNUSED_FUNCTION = YES;
				GCC_WARN_UNUSED_VARIABLE = YES;
				IPHONEOS_DEPLOYMENT_TARGET = 12.4;
				MTL_ENABLE_DEBUG_INFO = NO;
				MTL_FAST_MATH = YES;
				SDKROOT = iphoneos;
				SWIFT_COMPILATION_MODE = wholemodule;
				SWIFT_OPTIMIZATION_LEVEL = "-O";
				VALIDATE_PRODUCT = YES;
			};
			name = Release;
		};
		CEDEB7A4258CB40B007B2BCA /* Debug */ = {
			isa = XCBuildConfiguration;
			baseConfigurationReference = 8710B000866633E1CFF6A5C8 /* Pods-DoSport.debug.xcconfig */;
			buildSettings = {
				ASSETCATALOG_COMPILER_APPICON_NAME = AppIcon;
				ASSETCATALOG_COMPILER_GLOBAL_ACCENT_COLOR_NAME = AccentColor;
				CODE_SIGN_IDENTITY = "Apple Development";
				CODE_SIGN_STYLE = Automatic;
				DEVELOPMENT_TEAM = DFZ8N2CQSG;
				INFOPLIST_FILE = "$(SRCROOT)/DoSport/Resourses/Info.plist";
				LD_RUNPATH_SEARCH_PATHS = (
					"$(inherited)",
					"@executable_path/Frameworks",
				);
				PRODUCT_BUNDLE_IDENTIFIER = KomolbekI.DoSport;
				PRODUCT_NAME = "$(TARGET_NAME)";
				PROVISIONING_PROFILE_SPECIFIER = "";
				SWIFT_VERSION = 5.0;
				TARGETED_DEVICE_FAMILY = 1;
			};
			name = Debug;
		};
		CEDEB7A5258CB40B007B2BCA /* Release */ = {
			isa = XCBuildConfiguration;
			baseConfigurationReference = 64CC31553A44BA1D8791E331 /* Pods-DoSport.release.xcconfig */;
			buildSettings = {
				ASSETCATALOG_COMPILER_APPICON_NAME = AppIcon;
				ASSETCATALOG_COMPILER_GLOBAL_ACCENT_COLOR_NAME = AccentColor;
				CODE_SIGN_STYLE = Automatic;
				DEVELOPMENT_TEAM = DFZ8N2CQSG;
				INFOPLIST_FILE = "$(SRCROOT)/DoSport/Resourses/Info.plist";
				LD_RUNPATH_SEARCH_PATHS = (
					"$(inherited)",
					"@executable_path/Frameworks",
				);
				PRODUCT_BUNDLE_IDENTIFIER = KomolbekI.DoSport;
				PRODUCT_NAME = "$(TARGET_NAME)";
				SWIFT_VERSION = 5.0;
				TARGETED_DEVICE_FAMILY = 1;
			};
			name = Release;
		};
		CEDEB7A7258CB40B007B2BCA /* Debug */ = {
			isa = XCBuildConfiguration;
			buildSettings = {
				ALWAYS_EMBED_SWIFT_STANDARD_LIBRARIES = YES;
				BUNDLE_LOADER = "$(TEST_HOST)";
				CODE_SIGN_STYLE = Automatic;
				DEVELOPMENT_TEAM = 4R79A6C4N5;
				INFOPLIST_FILE = DoSportTests/Info.plist;
				IPHONEOS_DEPLOYMENT_TARGET = 14.2;
				LD_RUNPATH_SEARCH_PATHS = (
					"$(inherited)",
					"@executable_path/Frameworks",
					"@loader_path/Frameworks",
				);
				PRODUCT_BUNDLE_IDENTIFIER = SergeyU.DoSportTests;
				PRODUCT_NAME = "$(TARGET_NAME)";
				SWIFT_VERSION = 5.0;
				TARGETED_DEVICE_FAMILY = "1,2";
				TEST_HOST = "$(BUILT_PRODUCTS_DIR)/DoSport.app/DoSport";
			};
			name = Debug;
		};
		CEDEB7A8258CB40B007B2BCA /* Release */ = {
			isa = XCBuildConfiguration;
			buildSettings = {
				ALWAYS_EMBED_SWIFT_STANDARD_LIBRARIES = YES;
				BUNDLE_LOADER = "$(TEST_HOST)";
				CODE_SIGN_STYLE = Automatic;
				DEVELOPMENT_TEAM = 4R79A6C4N5;
				INFOPLIST_FILE = DoSportTests/Info.plist;
				IPHONEOS_DEPLOYMENT_TARGET = 14.2;
				LD_RUNPATH_SEARCH_PATHS = (
					"$(inherited)",
					"@executable_path/Frameworks",
					"@loader_path/Frameworks",
				);
				PRODUCT_BUNDLE_IDENTIFIER = SergeyU.DoSportTests;
				PRODUCT_NAME = "$(TARGET_NAME)";
				SWIFT_VERSION = 5.0;
				TARGETED_DEVICE_FAMILY = "1,2";
				TEST_HOST = "$(BUILT_PRODUCTS_DIR)/DoSport.app/DoSport";
			};
			name = Release;
		};
		CEDEB7AA258CB40B007B2BCA /* Debug */ = {
			isa = XCBuildConfiguration;
			buildSettings = {
				ALWAYS_EMBED_SWIFT_STANDARD_LIBRARIES = YES;
				CODE_SIGN_STYLE = Automatic;
				DEVELOPMENT_TEAM = 4R79A6C4N5;
				INFOPLIST_FILE = DoSportUITests/Info.plist;
				LD_RUNPATH_SEARCH_PATHS = (
					"$(inherited)",
					"@executable_path/Frameworks",
					"@loader_path/Frameworks",
				);
				PRODUCT_BUNDLE_IDENTIFIER = SergeyU.DoSportUITests;
				PRODUCT_NAME = "$(TARGET_NAME)";
				SWIFT_VERSION = 5.0;
				TARGETED_DEVICE_FAMILY = "1,2";
				TEST_TARGET_NAME = DoSport;
			};
			name = Debug;
		};
		CEDEB7AB258CB40B007B2BCA /* Release */ = {
			isa = XCBuildConfiguration;
			buildSettings = {
				ALWAYS_EMBED_SWIFT_STANDARD_LIBRARIES = YES;
				CODE_SIGN_STYLE = Automatic;
				DEVELOPMENT_TEAM = 4R79A6C4N5;
				INFOPLIST_FILE = DoSportUITests/Info.plist;
				LD_RUNPATH_SEARCH_PATHS = (
					"$(inherited)",
					"@executable_path/Frameworks",
					"@loader_path/Frameworks",
				);
				PRODUCT_BUNDLE_IDENTIFIER = SergeyU.DoSportUITests;
				PRODUCT_NAME = "$(TARGET_NAME)";
				SWIFT_VERSION = 5.0;
				TARGETED_DEVICE_FAMILY = "1,2";
				TEST_TARGET_NAME = DoSport;
			};
			name = Release;
		};
/* End XCBuildConfiguration section */

/* Begin XCConfigurationList section */
		CEDEB774258CB404007B2BCA /* Build configuration list for PBXProject "DoSport" */ = {
			isa = XCConfigurationList;
			buildConfigurations = (
				CEDEB7A1258CB40B007B2BCA /* Debug */,
				CEDEB7A2258CB40B007B2BCA /* Release */,
			);
			defaultConfigurationIsVisible = 0;
			defaultConfigurationName = Release;
		};
		CEDEB7A3258CB40B007B2BCA /* Build configuration list for PBXNativeTarget "DoSport" */ = {
			isa = XCConfigurationList;
			buildConfigurations = (
				CEDEB7A4258CB40B007B2BCA /* Debug */,
				CEDEB7A5258CB40B007B2BCA /* Release */,
			);
			defaultConfigurationIsVisible = 0;
			defaultConfigurationName = Release;
		};
		CEDEB7A6258CB40B007B2BCA /* Build configuration list for PBXNativeTarget "DoSportTests" */ = {
			isa = XCConfigurationList;
			buildConfigurations = (
				CEDEB7A7258CB40B007B2BCA /* Debug */,
				CEDEB7A8258CB40B007B2BCA /* Release */,
			);
			defaultConfigurationIsVisible = 0;
			defaultConfigurationName = Release;
		};
		CEDEB7A9258CB40B007B2BCA /* Build configuration list for PBXNativeTarget "DoSportUITests" */ = {
			isa = XCConfigurationList;
			buildConfigurations = (
				CEDEB7AA258CB40B007B2BCA /* Debug */,
				CEDEB7AB258CB40B007B2BCA /* Release */,
			);
			defaultConfigurationIsVisible = 0;
			defaultConfigurationName = Release;
		};
/* End XCConfigurationList section */
	};
	rootObject = CEDEB771258CB404007B2BCA /* Project object */;
}
