// !$*UTF8*$!
{
	archiveVersion = 1;
	classes = {
	};
	objectVersion = 51;
	objects = {

/* Begin PBXBuildFile section */
		0A189916C417114A643406C3 /* Pods_DoSport.framework in Frameworks */ = {isa = PBXBuildFile; fileRef = AED130427424E2AEEF396846 /* Pods_DoSport.framework */; };
		6529500C258D6EE2002AA621 /* UIColor+inits.swift in Sources */ = {isa = PBXBuildFile; fileRef = 6529500B258D6EE2002AA621 /* UIColor+inits.swift */; };
		65AF25F1258D04E60037D2B5 /* Icons.swift in Sources */ = {isa = PBXBuildFile; fileRef = 65AF25F0258D04E60037D2B5 /* Icons.swift */; };
		65AF25F4258D04F10037D2B5 /* Fonts.swift in Sources */ = {isa = PBXBuildFile; fileRef = 65AF25F3258D04F10037D2B5 /* Fonts.swift */; };
		65AF25F7258D04FD0037D2B5 /* Texts.swift in Sources */ = {isa = PBXBuildFile; fileRef = 65AF25F6258D04FD0037D2B5 /* Texts.swift */; };
		65AF25F9258D05020037D2B5 /* Colors.swift in Sources */ = {isa = PBXBuildFile; fileRef = 65AF25F8258D05020037D2B5 /* Colors.swift */; };
		CEDEB77D258CB404007B2BCA /* AppDelegate.swift in Sources */ = {isa = PBXBuildFile; fileRef = CEDEB77C258CB404007B2BCA /* AppDelegate.swift */; };
		CEDEB77F258CB404007B2BCA /* SceneDelegate.swift in Sources */ = {isa = PBXBuildFile; fileRef = CEDEB77E258CB404007B2BCA /* SceneDelegate.swift */; };
		CEDEB781258CB404007B2BCA /* Rules.swift in Sources */ = {isa = PBXBuildFile; fileRef = CEDEB780258CB404007B2BCA /* Rules.swift */; };
		CEDEB786258CB40A007B2BCA /* Icons.xcassets in Resources */ = {isa = PBXBuildFile; fileRef = CEDEB785258CB40A007B2BCA /* Icons.xcassets */; };
		CEDEB789258CB40A007B2BCA /* LaunchScreen.storyboard in Resources */ = {isa = PBXBuildFile; fileRef = CEDEB787258CB40A007B2BCA /* LaunchScreen.storyboard */; };
		CEDEB794258CB40B007B2BCA /* DoSportTests.swift in Sources */ = {isa = PBXBuildFile; fileRef = CEDEB793258CB40B007B2BCA /* DoSportTests.swift */; };
		CEDEB79F258CB40B007B2BCA /* DoSportUITests.swift in Sources */ = {isa = PBXBuildFile; fileRef = CEDEB79E258CB40B007B2BCA /* DoSportUITests.swift */; };
		CEDEB841258CE146007B2BCA /* AbstractRequestFactory.swift in Sources */ = {isa = PBXBuildFile; fileRef = CEDEB840258CE146007B2BCA /* AbstractRequestFactory.swift */; };
		CEDEB849258CE182007B2BCA /* RequestFactory.swift in Sources */ = {isa = PBXBuildFile; fileRef = CEDEB848258CE182007B2BCA /* RequestFactory.swift */; };
		CEDEB84E258CE194007B2BCA /* ErrorParser.swift in Sources */ = {isa = PBXBuildFile; fileRef = CEDEB84D258CE194007B2BCA /* ErrorParser.swift */; };
		CEDEB853258CE1A5007B2BCA /* RequestRouter.swift in Sources */ = {isa = PBXBuildFile; fileRef = CEDEB852258CE1A5007B2BCA /* RequestRouter.swift */; };
		CEDEB85C258CE1C7007B2BCA /* AuthRequest.swift in Sources */ = {isa = PBXBuildFile; fileRef = CEDEB85B258CE1C7007B2BCA /* AuthRequest.swift */; };
		CEDEB864258CE1D9007B2BCA /* GetUserInfo.swift in Sources */ = {isa = PBXBuildFile; fileRef = CEDEB863258CE1D9007B2BCA /* GetUserInfo.swift */; };
		CEDEB869258CE1EB007B2BCA /* EditUserInfo.swift in Sources */ = {isa = PBXBuildFile; fileRef = CEDEB868258CE1EB007B2BCA /* EditUserInfo.swift */; };
		CEDEB86E258CE208007B2BCA /* EditPasswordRequest.swift in Sources */ = {isa = PBXBuildFile; fileRef = CEDEB86D258CE208007B2BCA /* EditPasswordRequest.swift */; };
		CEDEB873258CE21C007B2BCA /* RegisterRequest.swift in Sources */ = {isa = PBXBuildFile; fileRef = CEDEB872258CE21C007B2BCA /* RegisterRequest.swift */; };
		CEDEB879258CE240007B2BCA /* Responses.swift in Sources */ = {isa = PBXBuildFile; fileRef = CEDEB878258CE240007B2BCA /* Responses.swift */; };
		CEDEB87F258CE2EA007B2BCA /* Security.swift in Sources */ = {isa = PBXBuildFile; fileRef = CEDEB87E258CE2EA007B2BCA /* Security.swift */; };
		CEDEB88B258CE83C007B2BCA /* UIFontExtension.swift in Sources */ = {isa = PBXBuildFile; fileRef = CEDEB88A258CE83C007B2BCA /* UIFontExtension.swift */; };
		CEDEB897258CEC3C007B2BCA /* UIButton+Extensions.swift in Sources */ = {isa = PBXBuildFile; fileRef = CEDEB896258CEC3C007B2BCA /* UIButton+Extensions.swift */; };
		CEDEB89F258CEC49007B2BCA /* UIColor+Extensions.swift in Sources */ = {isa = PBXBuildFile; fileRef = CEDEB89E258CEC49007B2BCA /* UIColor+Extensions.swift */; };
		CEDEB8A4258CF020007B2BCA /* UILabel+Extensions.swift in Sources */ = {isa = PBXBuildFile; fileRef = CEDEB8A3258CF020007B2BCA /* UILabel+Extensions.swift */; };
/* End PBXBuildFile section */

/* Begin PBXContainerItemProxy section */
		CEDEB790258CB40B007B2BCA /* PBXContainerItemProxy */ = {
			isa = PBXContainerItemProxy;
			containerPortal = CEDEB771258CB404007B2BCA /* Project object */;
			proxyType = 1;
			remoteGlobalIDString = CEDEB778258CB404007B2BCA;
			remoteInfo = DoSport;
		};
		CEDEB79B258CB40B007B2BCA /* PBXContainerItemProxy */ = {
			isa = PBXContainerItemProxy;
			containerPortal = CEDEB771258CB404007B2BCA /* Project object */;
			proxyType = 1;
			remoteGlobalIDString = CEDEB778258CB404007B2BCA;
			remoteInfo = DoSport;
		};
/* End PBXContainerItemProxy section */

/* Begin PBXFileReference section */
		6529500B258D6EE2002AA621 /* UIColor+inits.swift */ = {isa = PBXFileReference; lastKnownFileType = sourcecode.swift; path = "UIColor+inits.swift"; sourceTree = "<group>"; };
		65AF25F0258D04E60037D2B5 /* Icons.swift */ = {isa = PBXFileReference; lastKnownFileType = sourcecode.swift; path = Icons.swift; sourceTree = "<group>"; };
		65AF25F3258D04F10037D2B5 /* Fonts.swift */ = {isa = PBXFileReference; lastKnownFileType = sourcecode.swift; path = Fonts.swift; sourceTree = "<group>"; };
		65AF25F6258D04FD0037D2B5 /* Texts.swift */ = {isa = PBXFileReference; lastKnownFileType = sourcecode.swift; path = Texts.swift; sourceTree = "<group>"; };
		65AF25F8258D05020037D2B5 /* Colors.swift */ = {isa = PBXFileReference; lastKnownFileType = sourcecode.swift; path = Colors.swift; sourceTree = "<group>"; };
		AED130427424E2AEEF396846 /* Pods_DoSport.framework */ = {isa = PBXFileReference; explicitFileType = wrapper.framework; includeInIndex = 0; path = Pods_DoSport.framework; sourceTree = BUILT_PRODUCTS_DIR; };
		CEDEB779258CB404007B2BCA /* DoSport.app */ = {isa = PBXFileReference; explicitFileType = wrapper.application; includeInIndex = 0; path = DoSport.app; sourceTree = BUILT_PRODUCTS_DIR; };
		CEDEB77C258CB404007B2BCA /* AppDelegate.swift */ = {isa = PBXFileReference; lastKnownFileType = sourcecode.swift; path = AppDelegate.swift; sourceTree = "<group>"; };
		CEDEB77E258CB404007B2BCA /* SceneDelegate.swift */ = {isa = PBXFileReference; lastKnownFileType = sourcecode.swift; path = SceneDelegate.swift; sourceTree = "<group>"; };
		CEDEB780258CB404007B2BCA /* Rules.swift */ = {isa = PBXFileReference; lastKnownFileType = sourcecode.swift; path = Rules.swift; sourceTree = "<group>"; };
		CEDEB785258CB40A007B2BCA /* Icons.xcassets */ = {isa = PBXFileReference; lastKnownFileType = folder.assetcatalog; path = Icons.xcassets; sourceTree = "<group>"; };
		CEDEB788258CB40A007B2BCA /* Base */ = {isa = PBXFileReference; lastKnownFileType = file.storyboard; name = Base; path = Base.lproj/LaunchScreen.storyboard; sourceTree = "<group>"; };
		CEDEB78A258CB40A007B2BCA /* Info.plist */ = {isa = PBXFileReference; lastKnownFileType = text.plist.xml; path = Info.plist; sourceTree = "<group>"; };
		CEDEB78F258CB40B007B2BCA /* DoSportTests.xctest */ = {isa = PBXFileReference; explicitFileType = wrapper.cfbundle; includeInIndex = 0; path = DoSportTests.xctest; sourceTree = BUILT_PRODUCTS_DIR; };
		CEDEB793258CB40B007B2BCA /* DoSportTests.swift */ = {isa = PBXFileReference; lastKnownFileType = sourcecode.swift; path = DoSportTests.swift; sourceTree = "<group>"; };
		CEDEB795258CB40B007B2BCA /* Info.plist */ = {isa = PBXFileReference; lastKnownFileType = text.plist.xml; path = Info.plist; sourceTree = "<group>"; };
		CEDEB79A258CB40B007B2BCA /* DoSportUITests.xctest */ = {isa = PBXFileReference; explicitFileType = wrapper.cfbundle; includeInIndex = 0; path = DoSportUITests.xctest; sourceTree = BUILT_PRODUCTS_DIR; };
		CEDEB79E258CB40B007B2BCA /* DoSportUITests.swift */ = {isa = PBXFileReference; lastKnownFileType = sourcecode.swift; path = DoSportUITests.swift; sourceTree = "<group>"; };
		CEDEB7A0258CB40B007B2BCA /* Info.plist */ = {isa = PBXFileReference; lastKnownFileType = text.plist.xml; path = Info.plist; sourceTree = "<group>"; };
		CEDEB840258CE146007B2BCA /* AbstractRequestFactory.swift */ = {isa = PBXFileReference; lastKnownFileType = sourcecode.swift; path = AbstractRequestFactory.swift; sourceTree = "<group>"; };
		CEDEB848258CE182007B2BCA /* RequestFactory.swift */ = {isa = PBXFileReference; lastKnownFileType = sourcecode.swift; path = RequestFactory.swift; sourceTree = "<group>"; };
		CEDEB84D258CE194007B2BCA /* ErrorParser.swift */ = {isa = PBXFileReference; lastKnownFileType = sourcecode.swift; path = ErrorParser.swift; sourceTree = "<group>"; };
		CEDEB852258CE1A5007B2BCA /* RequestRouter.swift */ = {isa = PBXFileReference; lastKnownFileType = sourcecode.swift; path = RequestRouter.swift; sourceTree = "<group>"; };
		CEDEB85B258CE1C7007B2BCA /* AuthRequest.swift */ = {isa = PBXFileReference; lastKnownFileType = sourcecode.swift; path = AuthRequest.swift; sourceTree = "<group>"; };
		CEDEB863258CE1D9007B2BCA /* GetUserInfo.swift */ = {isa = PBXFileReference; lastKnownFileType = sourcecode.swift; path = GetUserInfo.swift; sourceTree = "<group>"; };
		CEDEB868258CE1EB007B2BCA /* EditUserInfo.swift */ = {isa = PBXFileReference; lastKnownFileType = sourcecode.swift; path = EditUserInfo.swift; sourceTree = "<group>"; };
		CEDEB86D258CE208007B2BCA /* EditPasswordRequest.swift */ = {isa = PBXFileReference; lastKnownFileType = sourcecode.swift; path = EditPasswordRequest.swift; sourceTree = "<group>"; };
		CEDEB872258CE21C007B2BCA /* RegisterRequest.swift */ = {isa = PBXFileReference; lastKnownFileType = sourcecode.swift; path = RegisterRequest.swift; sourceTree = "<group>"; };
		CEDEB878258CE240007B2BCA /* Responses.swift */ = {isa = PBXFileReference; lastKnownFileType = sourcecode.swift; path = Responses.swift; sourceTree = "<group>"; };
		CEDEB87E258CE2EA007B2BCA /* Security.swift */ = {isa = PBXFileReference; lastKnownFileType = sourcecode.swift; path = Security.swift; sourceTree = "<group>"; };
		CEDEB889258CE7F2007B2BCA /* SFProDisplay-Regular.ttf */ = {isa = PBXFileReference; lastKnownFileType = file; path = "SFProDisplay-Regular.ttf"; sourceTree = "<group>"; };
		CEDEB88A258CE83C007B2BCA /* UIFontExtension.swift */ = {isa = PBXFileReference; lastKnownFileType = sourcecode.swift; path = UIFontExtension.swift; sourceTree = "<group>"; };
		CEDEB896258CEC3C007B2BCA /* UIButton+Extensions.swift */ = {isa = PBXFileReference; lastKnownFileType = sourcecode.swift; path = "UIButton+Extensions.swift"; sourceTree = "<group>"; };
		CEDEB89E258CEC49007B2BCA /* UIColor+Extensions.swift */ = {isa = PBXFileReference; lastKnownFileType = sourcecode.swift; path = "UIColor+Extensions.swift"; sourceTree = "<group>"; };
		CEDEB8A3258CF020007B2BCA /* UILabel+Extensions.swift */ = {isa = PBXFileReference; lastKnownFileType = sourcecode.swift; path = "UILabel+Extensions.swift"; sourceTree = "<group>"; };
		D51EE22CF44F5B29B2793A8C /* Pods-DoSport.debug.xcconfig */ = {isa = PBXFileReference; includeInIndex = 1; lastKnownFileType = text.xcconfig; name = "Pods-DoSport.debug.xcconfig"; path = "Target Support Files/Pods-DoSport/Pods-DoSport.debug.xcconfig"; sourceTree = "<group>"; };
		DBEE09D6C850B69FC15F1FCE /* Pods-DoSport.release.xcconfig */ = {isa = PBXFileReference; includeInIndex = 1; lastKnownFileType = text.xcconfig; name = "Pods-DoSport.release.xcconfig"; path = "Target Support Files/Pods-DoSport/Pods-DoSport.release.xcconfig"; sourceTree = "<group>"; };
/* End PBXFileReference section */

/* Begin PBXFrameworksBuildPhase section */
		CEDEB776258CB404007B2BCA /* Frameworks */ = {
			isa = PBXFrameworksBuildPhase;
			buildActionMask = 2147483647;
			files = (
				0A189916C417114A643406C3 /* Pods_DoSport.framework in Frameworks */,
			);
			runOnlyForDeploymentPostprocessing = 0;
		};
		CEDEB78C258CB40B007B2BCA /* Frameworks */ = {
			isa = PBXFrameworksBuildPhase;
			buildActionMask = 2147483647;
			files = (
			);
			runOnlyForDeploymentPostprocessing = 0;
		};
		CEDEB797258CB40B007B2BCA /* Frameworks */ = {
			isa = PBXFrameworksBuildPhase;
			buildActionMask = 2147483647;
			files = (
			);
			runOnlyForDeploymentPostprocessing = 0;
		};
/* End PBXFrameworksBuildPhase section */

/* Begin PBXGroup section */
		1B575704A7CC7F421F6A9B8A /* Pods */ = {
			isa = PBXGroup;
			children = (
				D51EE22CF44F5B29B2793A8C /* Pods-DoSport.debug.xcconfig */,
				DBEE09D6C850B69FC15F1FCE /* Pods-DoSport.release.xcconfig */,
			);
			path = Pods;
			sourceTree = "<group>";
		};
		65AF25EF258D04DF0037D2B5 /* Icons */ = {
			isa = PBXGroup;
			children = (
				CEDEB785258CB40A007B2BCA /* Icons.xcassets */,
				65AF25F0258D04E60037D2B5 /* Icons.swift */,
			);
			path = Icons;
			sourceTree = "<group>";
		};
		65AF25F2258D04EC0037D2B5 /* Fonts */ = {
			isa = PBXGroup;
			children = (
				65AF25F3258D04F10037D2B5 /* Fonts.swift */,
			);
			path = Fonts;
			sourceTree = "<group>";
		};
		65AF25F5258D04F40037D2B5 /* Storyboards */ = {
			isa = PBXGroup;
			children = (
				CEDEB787258CB40A007B2BCA /* LaunchScreen.storyboard */,
			);
			path = Storyboards;
			sourceTree = "<group>";
		};
		8764389EC8CF290CF630E1B9 /* Frameworks */ = {
			isa = PBXGroup;
			children = (
				AED130427424E2AEEF396846 /* Pods_DoSport.framework */,
			);
			name = Frameworks;
			sourceTree = "<group>";
		};
		CEDEB770258CB404007B2BCA = {
			isa = PBXGroup;
			children = (
				CEDEB77B258CB404007B2BCA /* DoSport */,
				CEDEB792258CB40B007B2BCA /* DoSportTests */,
				CEDEB79D258CB40B007B2BCA /* DoSportUITests */,
				CEDEB77A258CB404007B2BCA /* Products */,
				1B575704A7CC7F421F6A9B8A /* Pods */,
				8764389EC8CF290CF630E1B9 /* Frameworks */,
			);
			sourceTree = "<group>";
		};
		CEDEB77A258CB404007B2BCA /* Products */ = {
			isa = PBXGroup;
			children = (
				CEDEB779258CB404007B2BCA /* DoSport.app */,
				CEDEB78F258CB40B007B2BCA /* DoSportTests.xctest */,
				CEDEB79A258CB40B007B2BCA /* DoSportUITests.xctest */,
			);
			name = Products;
			sourceTree = "<group>";
		};
		CEDEB77B258CB404007B2BCA /* DoSport */ = {
			isa = PBXGroup;
			children = (
				CEDEB7BB258CDC4D007B2BCA /* Application */,
				CEDEB780258CB404007B2BCA /* Rules.swift */,
				CEDEB8DF258CF94C007B2BCA /* Flow */,
				CEDEB83B258CE0EF007B2BCA /* Service */,
				CEDEB887258CE793007B2BCA /* Helpers */,
				CEDEB886258CE77C007B2BCA /* Resourses */,
			);
			path = DoSport;
			sourceTree = "<group>";
		};
		CEDEB792258CB40B007B2BCA /* DoSportTests */ = {
			isa = PBXGroup;
			children = (
				CEDEB793258CB40B007B2BCA /* DoSportTests.swift */,
				CEDEB795258CB40B007B2BCA /* Info.plist */,
			);
			path = DoSportTests;
			sourceTree = "<group>";
		};
		CEDEB79D258CB40B007B2BCA /* DoSportUITests */ = {
			isa = PBXGroup;
			children = (
				CEDEB79E258CB40B007B2BCA /* DoSportUITests.swift */,
				CEDEB7A0258CB40B007B2BCA /* Info.plist */,
			);
			path = DoSportUITests;
			sourceTree = "<group>";
		};
		CEDEB7BB258CDC4D007B2BCA /* Application */ = {
			isa = PBXGroup;
			children = (
				CEDEB77C258CB404007B2BCA /* AppDelegate.swift */,
				CEDEB77E258CB404007B2BCA /* SceneDelegate.swift */,
			);
			path = Application;
			sourceTree = "<group>";
		};
		CEDEB83B258CE0EF007B2BCA /* Service */ = {
			isa = PBXGroup;
			children = (
				CEDEB83C258CE0FE007B2BCA /* Network */,
			);
			path = Service;
			sourceTree = "<group>";
		};
		CEDEB83C258CE0FE007B2BCA /* Network */ = {
			isa = PBXGroup;
			children = (
				CEDEB85A258CE1BD007B2BCA /* RequestList */,
				CEDEB840258CE146007B2BCA /* AbstractRequestFactory.swift */,
				CEDEB848258CE182007B2BCA /* RequestFactory.swift */,
				CEDEB84D258CE194007B2BCA /* ErrorParser.swift */,
				CEDEB852258CE1A5007B2BCA /* RequestRouter.swift */,
			);
			path = Network;
			sourceTree = "<group>";
		};
		CEDEB85A258CE1BD007B2BCA /* RequestList */ = {
			isa = PBXGroup;
			children = (
				CEDEB87D258CE2D9007B2BCA /* Security */,
				CEDEB877258CE22A007B2BCA /* ResponseEntity */,
				CEDEB85B258CE1C7007B2BCA /* AuthRequest.swift */,
				CEDEB863258CE1D9007B2BCA /* GetUserInfo.swift */,
				CEDEB868258CE1EB007B2BCA /* EditUserInfo.swift */,
				CEDEB86D258CE208007B2BCA /* EditPasswordRequest.swift */,
				CEDEB872258CE21C007B2BCA /* RegisterRequest.swift */,
			);
			path = RequestList;
			sourceTree = "<group>";
		};
		CEDEB877258CE22A007B2BCA /* ResponseEntity */ = {
			isa = PBXGroup;
			children = (
				CEDEB878258CE240007B2BCA /* Responses.swift */,
			);
			path = ResponseEntity;
			sourceTree = "<group>";
		};
		CEDEB87D258CE2D9007B2BCA /* Security */ = {
			isa = PBXGroup;
			children = (
				CEDEB87E258CE2EA007B2BCA /* Security.swift */,
			);
			path = Security;
			sourceTree = "<group>";
		};
		CEDEB886258CE77C007B2BCA /* Resourses */ = {
			isa = PBXGroup;
			children = (
				CEDEB78A258CB40A007B2BCA /* Info.plist */,
				65AF25F8258D05020037D2B5 /* Colors.swift */,
				65AF25F6258D04FD0037D2B5 /* Texts.swift */,
				65AF25F2258D04EC0037D2B5 /* Fonts */,
				65AF25EF258D04DF0037D2B5 /* Icons */,
				65AF25F5258D04F40037D2B5 /* Storyboards */,
			);
			path = Resourses;
			sourceTree = "<group>";
		};
		CEDEB887258CE793007B2BCA /* Helpers */ = {
			isa = PBXGroup;
			children = (
				CEDEB895258CEC2F007B2BCA /* Extensions */,
				CEDEB888258CE7AC007B2BCA /* Fonts */,
			);
			path = Helpers;
			sourceTree = "<group>";
		};
		CEDEB888258CE7AC007B2BCA /* Fonts */ = {
			isa = PBXGroup;
			children = (
				CEDEB88A258CE83C007B2BCA /* UIFontExtension.swift */,
				CEDEB889258CE7F2007B2BCA /* SFProDisplay-Regular.ttf */,
			);
			path = Fonts;
			sourceTree = "<group>";
		};
		CEDEB895258CEC2F007B2BCA /* Extensions */ = {
			isa = PBXGroup;
			children = (
				CEDEB896258CEC3C007B2BCA /* UIButton+Extensions.swift */,
				CEDEB89E258CEC49007B2BCA /* UIColor+Extensions.swift */,
				CEDEB8A3258CF020007B2BCA /* UILabel+Extensions.swift */,
				6529500B258D6EE2002AA621 /* UIColor+inits.swift */,
			);
			path = Extensions;
			sourceTree = "<group>";
		};
		CEDEB8DF258CF94C007B2BCA /* Flow */ = {
			isa = PBXGroup;
			children = (
			);
			path = Flow;
			sourceTree = "<group>";
		};
/* End PBXGroup section */

/* Begin PBXNativeTarget section */
		CEDEB778258CB404007B2BCA /* DoSport */ = {
			isa = PBXNativeTarget;
			buildConfigurationList = CEDEB7A3258CB40B007B2BCA /* Build configuration list for PBXNativeTarget "DoSport" */;
			buildPhases = (
				C904505308A6C69E46A5BCEC /* [CP] Check Pods Manifest.lock */,
				CEDEB775258CB404007B2BCA /* Sources */,
				CEDEB776258CB404007B2BCA /* Frameworks */,
				CEDEB777258CB404007B2BCA /* Resources */,
				BB409A4C5FD3D11426325938 /* [CP] Embed Pods Frameworks */,
				22774913ECC54F2697B8651F /* [CP] Copy Pods Resources */,
			);
			buildRules = (
			);
			dependencies = (
			);
			name = DoSport;
			productName = DoSport;
			productReference = CEDEB779258CB404007B2BCA /* DoSport.app */;
			productType = "com.apple.product-type.application";
		};
		CEDEB78E258CB40B007B2BCA /* DoSportTests */ = {
			isa = PBXNativeTarget;
			buildConfigurationList = CEDEB7A6258CB40B007B2BCA /* Build configuration list for PBXNativeTarget "DoSportTests" */;
			buildPhases = (
				CEDEB78B258CB40B007B2BCA /* Sources */,
				CEDEB78C258CB40B007B2BCA /* Frameworks */,
				CEDEB78D258CB40B007B2BCA /* Resources */,
			);
			buildRules = (
			);
			dependencies = (
				CEDEB791258CB40B007B2BCA /* PBXTargetDependency */,
			);
			name = DoSportTests;
			productName = DoSportTests;
			productReference = CEDEB78F258CB40B007B2BCA /* DoSportTests.xctest */;
			productType = "com.apple.product-type.bundle.unit-test";
		};
		CEDEB799258CB40B007B2BCA /* DoSportUITests */ = {
			isa = PBXNativeTarget;
			buildConfigurationList = CEDEB7A9258CB40B007B2BCA /* Build configuration list for PBXNativeTarget "DoSportUITests" */;
			buildPhases = (
				CEDEB796258CB40B007B2BCA /* Sources */,
				CEDEB797258CB40B007B2BCA /* Frameworks */,
				CEDEB798258CB40B007B2BCA /* Resources */,
			);
			buildRules = (
			);
			dependencies = (
				CEDEB79C258CB40B007B2BCA /* PBXTargetDependency */,
			);
			name = DoSportUITests;
			productName = DoSportUITests;
			productReference = CEDEB79A258CB40B007B2BCA /* DoSportUITests.xctest */;
			productType = "com.apple.product-type.bundle.ui-testing";
		};
/* End PBXNativeTarget section */

/* Begin PBXProject section */
		CEDEB771258CB404007B2BCA /* Project object */ = {
			isa = PBXProject;
			attributes = {
				LastSwiftUpdateCheck = 1220;
				LastUpgradeCheck = 1220;
				TargetAttributes = {
					CEDEB778258CB404007B2BCA = {
						CreatedOnToolsVersion = 12.2;
					};
					CEDEB78E258CB40B007B2BCA = {
						CreatedOnToolsVersion = 12.2;
						TestTargetID = CEDEB778258CB404007B2BCA;
					};
					CEDEB799258CB40B007B2BCA = {
						CreatedOnToolsVersion = 12.2;
						TestTargetID = CEDEB778258CB404007B2BCA;
					};
				};
			};
			buildConfigurationList = CEDEB774258CB404007B2BCA /* Build configuration list for PBXProject "DoSport" */;
			compatibilityVersion = "Xcode 9.3";
			developmentRegion = en;
			hasScannedForEncodings = 0;
			knownRegions = (
				en,
				Base,
			);
			mainGroup = CEDEB770258CB404007B2BCA;
			productRefGroup = CEDEB77A258CB404007B2BCA /* Products */;
			projectDirPath = "";
			projectRoot = "";
			targets = (
				CEDEB778258CB404007B2BCA /* DoSport */,
				CEDEB78E258CB40B007B2BCA /* DoSportTests */,
				CEDEB799258CB40B007B2BCA /* DoSportUITests */,
			);
		};
/* End PBXProject section */

/* Begin PBXResourcesBuildPhase section */
		CEDEB777258CB404007B2BCA /* Resources */ = {
			isa = PBXResourcesBuildPhase;
			buildActionMask = 2147483647;
			files = (
				CEDEB789258CB40A007B2BCA /* LaunchScreen.storyboard in Resources */,
				CEDEB786258CB40A007B2BCA /* Icons.xcassets in Resources */,
			);
			runOnlyForDeploymentPostprocessing = 0;
		};
		CEDEB78D258CB40B007B2BCA /* Resources */ = {
			isa = PBXResourcesBuildPhase;
			buildActionMask = 2147483647;
			files = (
			);
			runOnlyForDeploymentPostprocessing = 0;
		};
		CEDEB798258CB40B007B2BCA /* Resources */ = {
			isa = PBXResourcesBuildPhase;
			buildActionMask = 2147483647;
			files = (
			);
			runOnlyForDeploymentPostprocessing = 0;
		};
/* End PBXResourcesBuildPhase section */

/* Begin PBXShellScriptBuildPhase section */
		22774913ECC54F2697B8651F /* [CP] Copy Pods Resources */ = {
			isa = PBXShellScriptBuildPhase;
			buildActionMask = 2147483647;
			files = (
			);
			inputFileListPaths = (
				"${PODS_ROOT}/Target Support Files/Pods-DoSport/Pods-DoSport-resources-${CONFIGURATION}-input-files.xcfilelist",
			);
			name = "[CP] Copy Pods Resources";
			outputFileListPaths = (
				"${PODS_ROOT}/Target Support Files/Pods-DoSport/Pods-DoSport-resources-${CONFIGURATION}-output-files.xcfilelist",
			);
			runOnlyForDeploymentPostprocessing = 0;
			shellPath = /bin/sh;
			shellScript = "\"${PODS_ROOT}/Target Support Files/Pods-DoSport/Pods-DoSport-resources.sh\"\n";
			showEnvVarsInLog = 0;
		};
		BB409A4C5FD3D11426325938 /* [CP] Embed Pods Frameworks */ = {
			isa = PBXShellScriptBuildPhase;
			buildActionMask = 2147483647;
			files = (
			);
			inputFileListPaths = (
				"${PODS_ROOT}/Target Support Files/Pods-DoSport/Pods-DoSport-frameworks-${CONFIGURATION}-input-files.xcfilelist",
			);
			name = "[CP] Embed Pods Frameworks";
			outputFileListPaths = (
				"${PODS_ROOT}/Target Support Files/Pods-DoSport/Pods-DoSport-frameworks-${CONFIGURATION}-output-files.xcfilelist",
			);
			runOnlyForDeploymentPostprocessing = 0;
			shellPath = /bin/sh;
			shellScript = "\"${PODS_ROOT}/Target Support Files/Pods-DoSport/Pods-DoSport-frameworks.sh\"\n";
			showEnvVarsInLog = 0;
		};
		C904505308A6C69E46A5BCEC /* [CP] Check Pods Manifest.lock */ = {
			isa = PBXShellScriptBuildPhase;
			buildActionMask = 2147483647;
			files = (
			);
			inputFileListPaths = (
			);
			inputPaths = (
				"${PODS_PODFILE_DIR_PATH}/Podfile.lock",
				"${PODS_ROOT}/Manifest.lock",
			);
			name = "[CP] Check Pods Manifest.lock";
			outputFileListPaths = (
			);
			outputPaths = (
				"$(DERIVED_FILE_DIR)/Pods-DoSport-checkManifestLockResult.txt",
			);
			runOnlyForDeploymentPostprocessing = 0;
			shellPath = /bin/sh;
			shellScript = "diff \"${PODS_PODFILE_DIR_PATH}/Podfile.lock\" \"${PODS_ROOT}/Manifest.lock\" > /dev/null\nif [ $? != 0 ] ; then\n    # print error to STDERR\n    echo \"error: The sandbox is not in sync with the Podfile.lock. Run 'pod install' or update your CocoaPods installation.\" >&2\n    exit 1\nfi\n# This output is used by Xcode 'outputs' to avoid re-running this script phase.\necho \"SUCCESS\" > \"${SCRIPT_OUTPUT_FILE_0}\"\n";
			showEnvVarsInLog = 0;
		};
/* End PBXShellScriptBuildPhase section */

/* Begin PBXSourcesBuildPhase section */
		CEDEB775258CB404007B2BCA /* Sources */ = {
			isa = PBXSourcesBuildPhase;
			buildActionMask = 2147483647;
			files = (
				CEDEB853258CE1A5007B2BCA /* RequestRouter.swift in Sources */,
				6529500C258D6EE2002AA621 /* UIColor+inits.swift in Sources */,
				65AF25F9258D05020037D2B5 /* Colors.swift in Sources */,
				CEDEB88B258CE83C007B2BCA /* UIFontExtension.swift in Sources */,
				CEDEB864258CE1D9007B2BCA /* GetUserInfo.swift in Sources */,
				CEDEB873258CE21C007B2BCA /* RegisterRequest.swift in Sources */,
				CEDEB869258CE1EB007B2BCA /* EditUserInfo.swift in Sources */,
				CEDEB841258CE146007B2BCA /* AbstractRequestFactory.swift in Sources */,
				CEDEB84E258CE194007B2BCA /* ErrorParser.swift in Sources */,
				CEDEB849258CE182007B2BCA /* RequestFactory.swift in Sources */,
				CEDEB781258CB404007B2BCA /* Rules.swift in Sources */,
				CEDEB897258CEC3C007B2BCA /* UIButton+Extensions.swift in Sources */,
				CEDEB879258CE240007B2BCA /* Responses.swift in Sources */,
				CEDEB77D258CB404007B2BCA /* AppDelegate.swift in Sources */,
				CEDEB8A4258CF020007B2BCA /* UILabel+Extensions.swift in Sources */,
				CEDEB77F258CB404007B2BCA /* SceneDelegate.swift in Sources */,
				CEDEB85C258CE1C7007B2BCA /* AuthRequest.swift in Sources */,
				65AF25F7258D04FD0037D2B5 /* Texts.swift in Sources */,
				CEDEB86E258CE208007B2BCA /* EditPasswordRequest.swift in Sources */,
				65AF25F4258D04F10037D2B5 /* Fonts.swift in Sources */,
				65AF25F1258D04E60037D2B5 /* Icons.swift in Sources */,
				CEDEB89F258CEC49007B2BCA /* UIColor+Extensions.swift in Sources */,
				CEDEB87F258CE2EA007B2BCA /* Security.swift in Sources */,
			);
			runOnlyForDeploymentPostprocessing = 0;
		};
		CEDEB78B258CB40B007B2BCA /* Sources */ = {
			isa = PBXSourcesBuildPhase;
			buildActionMask = 2147483647;
			files = (
				CEDEB794258CB40B007B2BCA /* DoSportTests.swift in Sources */,
			);
			runOnlyForDeploymentPostprocessing = 0;
		};
		CEDEB796258CB40B007B2BCA /* Sources */ = {
			isa = PBXSourcesBuildPhase;
			buildActionMask = 2147483647;
			files = (
				CEDEB79F258CB40B007B2BCA /* DoSportUITests.swift in Sources */,
			);
			runOnlyForDeploymentPostprocessing = 0;
		};
/* End PBXSourcesBuildPhase section */

/* Begin PBXTargetDependency section */
		CEDEB791258CB40B007B2BCA /* PBXTargetDependency */ = {
			isa = PBXTargetDependency;
			target = CEDEB778258CB404007B2BCA /* DoSport */;
			targetProxy = CEDEB790258CB40B007B2BCA /* PBXContainerItemProxy */;
		};
		CEDEB79C258CB40B007B2BCA /* PBXTargetDependency */ = {
			isa = PBXTargetDependency;
			target = CEDEB778258CB404007B2BCA /* DoSport */;
			targetProxy = CEDEB79B258CB40B007B2BCA /* PBXContainerItemProxy */;
		};
/* End PBXTargetDependency section */

/* Begin PBXVariantGroup section */
		CEDEB787258CB40A007B2BCA /* LaunchScreen.storyboard */ = {
			isa = PBXVariantGroup;
			children = (
				CEDEB788258CB40A007B2BCA /* Base */,
			);
			name = LaunchScreen.storyboard;
			sourceTree = "<group>";
		};
/* End PBXVariantGroup section */

/* Begin XCBuildConfiguration section */
		CEDEB7A1258CB40B007B2BCA /* Debug */ = {
			isa = XCBuildConfiguration;
			buildSettings = {
				ALWAYS_SEARCH_USER_PATHS = NO;
				CLANG_ANALYZER_NONNULL = YES;
				CLANG_ANALYZER_NUMBER_OBJECT_CONVERSION = YES_AGGRESSIVE;
				CLANG_CXX_LANGUAGE_STANDARD = "gnu++14";
				CLANG_CXX_LIBRARY = "libc++";
				CLANG_ENABLE_MODULES = YES;
				CLANG_ENABLE_OBJC_ARC = YES;
				CLANG_ENABLE_OBJC_WEAK = YES;
				CLANG_WARN_BLOCK_CAPTURE_AUTORELEASING = YES;
				CLANG_WARN_BOOL_CONVERSION = YES;
				CLANG_WARN_COMMA = YES;
				CLANG_WARN_CONSTANT_CONVERSION = YES;
				CLANG_WARN_DEPRECATED_OBJC_IMPLEMENTATIONS = YES;
				CLANG_WARN_DIRECT_OBJC_ISA_USAGE = YES_ERROR;
				CLANG_WARN_DOCUMENTATION_COMMENTS = YES;
				CLANG_WARN_EMPTY_BODY = YES;
				CLANG_WARN_ENUM_CONVERSION = YES;
				CLANG_WARN_INFINITE_RECURSION = YES;
				CLANG_WARN_INT_CONVERSION = YES;
				CLANG_WARN_NON_LITERAL_NULL_CONVERSION = YES;
				CLANG_WARN_OBJC_IMPLICIT_RETAIN_SELF = YES;
				CLANG_WARN_OBJC_LITERAL_CONVERSION = YES;
				CLANG_WARN_OBJC_ROOT_CLASS = YES_ERROR;
				CLANG_WARN_QUOTED_INCLUDE_IN_FRAMEWORK_HEADER = YES;
				CLANG_WARN_RANGE_LOOP_ANALYSIS = YES;
				CLANG_WARN_STRICT_PROTOTYPES = YES;
				CLANG_WARN_SUSPICIOUS_MOVE = YES;
				CLANG_WARN_UNGUARDED_AVAILABILITY = YES_AGGRESSIVE;
				CLANG_WARN_UNREACHABLE_CODE = YES;
				CLANG_WARN__DUPLICATE_METHOD_MATCH = YES;
				COPY_PHASE_STRIP = NO;
				DEBUG_INFORMATION_FORMAT = dwarf;
				ENABLE_STRICT_OBJC_MSGSEND = YES;
				ENABLE_TESTABILITY = YES;
				GCC_C_LANGUAGE_STANDARD = gnu11;
				GCC_DYNAMIC_NO_PIC = NO;
				GCC_NO_COMMON_BLOCKS = YES;
				GCC_OPTIMIZATION_LEVEL = 0;
				GCC_PREPROCESSOR_DEFINITIONS = (
					"DEBUG=1",
					"$(inherited)",
				);
				GCC_WARN_64_TO_32_BIT_CONVERSION = YES;
				GCC_WARN_ABOUT_RETURN_TYPE = YES_ERROR;
				GCC_WARN_UNDECLARED_SELECTOR = YES;
				GCC_WARN_UNINITIALIZED_AUTOS = YES_AGGRESSIVE;
				GCC_WARN_UNUSED_FUNCTION = YES;
				GCC_WARN_UNUSED_VARIABLE = YES;
				IPHONEOS_DEPLOYMENT_TARGET = 12.4;
				MTL_ENABLE_DEBUG_INFO = INCLUDE_SOURCE;
				MTL_FAST_MATH = YES;
				ONLY_ACTIVE_ARCH = YES;
				SDKROOT = iphoneos;
				SWIFT_ACTIVE_COMPILATION_CONDITIONS = DEBUG;
				SWIFT_OPTIMIZATION_LEVEL = "-Onone";
			};
			name = Debug;
		};
		CEDEB7A2258CB40B007B2BCA /* Release */ = {
			isa = XCBuildConfiguration;
			buildSettings = {
				ALWAYS_SEARCH_USER_PATHS = NO;
				CLANG_ANALYZER_NONNULL = YES;
				CLANG_ANALYZER_NUMBER_OBJECT_CONVERSION = YES_AGGRESSIVE;
				CLANG_CXX_LANGUAGE_STANDARD = "gnu++14";
				CLANG_CXX_LIBRARY = "libc++";
				CLANG_ENABLE_MODULES = YES;
				CLANG_ENABLE_OBJC_ARC = YES;
				CLANG_ENABLE_OBJC_WEAK = YES;
				CLANG_WARN_BLOCK_CAPTURE_AUTORELEASING = YES;
				CLANG_WARN_BOOL_CONVERSION = YES;
				CLANG_WARN_COMMA = YES;
				CLANG_WARN_CONSTANT_CONVERSION = YES;
				CLANG_WARN_DEPRECATED_OBJC_IMPLEMENTATIONS = YES;
				CLANG_WARN_DIRECT_OBJC_ISA_USAGE = YES_ERROR;
				CLANG_WARN_DOCUMENTATION_COMMENTS = YES;
				CLANG_WARN_EMPTY_BODY = YES;
				CLANG_WARN_ENUM_CONVERSION = YES;
				CLANG_WARN_INFINITE_RECURSION = YES;
				CLANG_WARN_INT_CONVERSION = YES;
				CLANG_WARN_NON_LITERAL_NULL_CONVERSION = YES;
				CLANG_WARN_OBJC_IMPLICIT_RETAIN_SELF = YES;
				CLANG_WARN_OBJC_LITERAL_CONVERSION = YES;
				CLANG_WARN_OBJC_ROOT_CLASS = YES_ERROR;
				CLANG_WARN_QUOTED_INCLUDE_IN_FRAMEWORK_HEADER = YES;
				CLANG_WARN_RANGE_LOOP_ANALYSIS = YES;
				CLANG_WARN_STRICT_PROTOTYPES = YES;
				CLANG_WARN_SUSPICIOUS_MOVE = YES;
				CLANG_WARN_UNGUARDED_AVAILABILITY = YES_AGGRESSIVE;
				CLANG_WARN_UNREACHABLE_CODE = YES;
				CLANG_WARN__DUPLICATE_METHOD_MATCH = YES;
				COPY_PHASE_STRIP = NO;
				DEBUG_INFORMATION_FORMAT = "dwarf-with-dsym";
				ENABLE_NS_ASSERTIONS = NO;
				ENABLE_STRICT_OBJC_MSGSEND = YES;
				GCC_C_LANGUAGE_STANDARD = gnu11;
				GCC_NO_COMMON_BLOCKS = YES;
				GCC_WARN_64_TO_32_BIT_CONVERSION = YES;
				GCC_WARN_ABOUT_RETURN_TYPE = YES_ERROR;
				GCC_WARN_UNDECLARED_SELECTOR = YES;
				GCC_WARN_UNINITIALIZED_AUTOS = YES_AGGRESSIVE;
				GCC_WARN_UNUSED_FUNCTION = YES;
				GCC_WARN_UNUSED_VARIABLE = YES;
				IPHONEOS_DEPLOYMENT_TARGET = 12.4;
				MTL_ENABLE_DEBUG_INFO = NO;
				MTL_FAST_MATH = YES;
				SDKROOT = iphoneos;
				SWIFT_COMPILATION_MODE = wholemodule;
				SWIFT_OPTIMIZATION_LEVEL = "-O";
				VALIDATE_PRODUCT = YES;
			};
			name = Release;
		};
		CEDEB7A4258CB40B007B2BCA /* Debug */ = {
			isa = XCBuildConfiguration;
			baseConfigurationReference = D51EE22CF44F5B29B2793A8C /* Pods-DoSport.debug.xcconfig */;
			buildSettings = {
				ASSETCATALOG_COMPILER_APPICON_NAME = AppIcon;
				ASSETCATALOG_COMPILER_GLOBAL_ACCENT_COLOR_NAME = AccentColor;
				CODE_SIGN_STYLE = Automatic;
				DEVELOPMENT_TEAM = 4R79A6C4N5;
				INFOPLIST_FILE = "$(SRCROOT)/DoSport/Resourses/Info.plist";
				LD_RUNPATH_SEARCH_PATHS = (
					"$(inherited)",
					"@executable_path/Frameworks",
				);
				PRODUCT_BUNDLE_IDENTIFIER = SergeyU.DoSport;
				PRODUCT_NAME = "$(TARGET_NAME)";
				SWIFT_VERSION = 5.0;
				TARGETED_DEVICE_FAMILY = 1;
			};
			name = Debug;
		};
		CEDEB7A5258CB40B007B2BCA /* Release */ = {
			isa = XCBuildConfiguration;
			baseConfigurationReference = DBEE09D6C850B69FC15F1FCE /* Pods-DoSport.release.xcconfig */;
			buildSettings = {
				ASSETCATALOG_COMPILER_APPICON_NAME = AppIcon;
				ASSETCATALOG_COMPILER_GLOBAL_ACCENT_COLOR_NAME = AccentColor;
				CODE_SIGN_STYLE = Automatic;
				DEVELOPMENT_TEAM = 4R79A6C4N5;
				INFOPLIST_FILE = "$(SRCROOT)/DoSport/Resourses/Info.plist";
				LD_RUNPATH_SEARCH_PATHS = (
					"$(inherited)",
					"@executable_path/Frameworks",
				);
				PRODUCT_BUNDLE_IDENTIFIER = SergeyU.DoSport;
				PRODUCT_NAME = "$(TARGET_NAME)";
				SWIFT_VERSION = 5.0;
				TARGETED_DEVICE_FAMILY = 1;
			};
			name = Release;
		};
		CEDEB7A7258CB40B007B2BCA /* Debug */ = {
			isa = XCBuildConfiguration;
			buildSettings = {
				ALWAYS_EMBED_SWIFT_STANDARD_LIBRARIES = YES;
				BUNDLE_LOADER = "$(TEST_HOST)";
				CODE_SIGN_STYLE = Automatic;
				DEVELOPMENT_TEAM = 4R79A6C4N5;
				INFOPLIST_FILE = DoSportTests/Info.plist;
				IPHONEOS_DEPLOYMENT_TARGET = 14.2;
				LD_RUNPATH_SEARCH_PATHS = (
					"$(inherited)",
					"@executable_path/Frameworks",
					"@loader_path/Frameworks",
				);
				PRODUCT_BUNDLE_IDENTIFIER = SergeyU.DoSportTests;
				PRODUCT_NAME = "$(TARGET_NAME)";
				SWIFT_VERSION = 5.0;
				TARGETED_DEVICE_FAMILY = "1,2";
				TEST_HOST = "$(BUILT_PRODUCTS_DIR)/DoSport.app/DoSport";
			};
			name = Debug;
		};
		CEDEB7A8258CB40B007B2BCA /* Release */ = {
			isa = XCBuildConfiguration;
			buildSettings = {
				ALWAYS_EMBED_SWIFT_STANDARD_LIBRARIES = YES;
				BUNDLE_LOADER = "$(TEST_HOST)";
				CODE_SIGN_STYLE = Automatic;
				DEVELOPMENT_TEAM = 4R79A6C4N5;
				INFOPLIST_FILE = DoSportTests/Info.plist;
				IPHONEOS_DEPLOYMENT_TARGET = 14.2;
				LD_RUNPATH_SEARCH_PATHS = (
					"$(inherited)",
					"@executable_path/Frameworks",
					"@loader_path/Frameworks",
				);
				PRODUCT_BUNDLE_IDENTIFIER = SergeyU.DoSportTests;
				PRODUCT_NAME = "$(TARGET_NAME)";
				SWIFT_VERSION = 5.0;
				TARGETED_DEVICE_FAMILY = "1,2";
				TEST_HOST = "$(BUILT_PRODUCTS_DIR)/DoSport.app/DoSport";
			};
			name = Release;
		};
		CEDEB7AA258CB40B007B2BCA /* Debug */ = {
			isa = XCBuildConfiguration;
			buildSettings = {
				ALWAYS_EMBED_SWIFT_STANDARD_LIBRARIES = YES;
				CODE_SIGN_STYLE = Automatic;
				DEVELOPMENT_TEAM = 4R79A6C4N5;
				INFOPLIST_FILE = DoSportUITests/Info.plist;
				LD_RUNPATH_SEARCH_PATHS = (
					"$(inherited)",
					"@executable_path/Frameworks",
					"@loader_path/Frameworks",
				);
				PRODUCT_BUNDLE_IDENTIFIER = SergeyU.DoSportUITests;
				PRODUCT_NAME = "$(TARGET_NAME)";
				SWIFT_VERSION = 5.0;
				TARGETED_DEVICE_FAMILY = "1,2";
				TEST_TARGET_NAME = DoSport;
			};
			name = Debug;
		};
		CEDEB7AB258CB40B007B2BCA /* Release */ = {
			isa = XCBuildConfiguration;
			buildSettings = {
				ALWAYS_EMBED_SWIFT_STANDARD_LIBRARIES = YES;
				CODE_SIGN_STYLE = Automatic;
				DEVELOPMENT_TEAM = 4R79A6C4N5;
				INFOPLIST_FILE = DoSportUITests/Info.plist;
				LD_RUNPATH_SEARCH_PATHS = (
					"$(inherited)",
					"@executable_path/Frameworks",
					"@loader_path/Frameworks",
				);
				PRODUCT_BUNDLE_IDENTIFIER = SergeyU.DoSportUITests;
				PRODUCT_NAME = "$(TARGET_NAME)";
				SWIFT_VERSION = 5.0;
				TARGETED_DEVICE_FAMILY = "1,2";
				TEST_TARGET_NAME = DoSport;
			};
			name = Release;
		};
/* End XCBuildConfiguration section */

/* Begin XCConfigurationList section */
		CEDEB774258CB404007B2BCA /* Build configuration list for PBXProject "DoSport" */ = {
			isa = XCConfigurationList;
			buildConfigurations = (
				CEDEB7A1258CB40B007B2BCA /* Debug */,
				CEDEB7A2258CB40B007B2BCA /* Release */,
			);
			defaultConfigurationIsVisible = 0;
			defaultConfigurationName = Release;
		};
		CEDEB7A3258CB40B007B2BCA /* Build configuration list for PBXNativeTarget "DoSport" */ = {
			isa = XCConfigurationList;
			buildConfigurations = (
				CEDEB7A4258CB40B007B2BCA /* Debug */,
				CEDEB7A5258CB40B007B2BCA /* Release */,
			);
			defaultConfigurationIsVisible = 0;
			defaultConfigurationName = Release;
		};
		CEDEB7A6258CB40B007B2BCA /* Build configuration list for PBXNativeTarget "DoSportTests" */ = {
			isa = XCConfigurationList;
			buildConfigurations = (
				CEDEB7A7258CB40B007B2BCA /* Debug */,
				CEDEB7A8258CB40B007B2BCA /* Release */,
			);
			defaultConfigurationIsVisible = 0;
			defaultConfigurationName = Release;
		};
		CEDEB7A9258CB40B007B2BCA /* Build configuration list for PBXNativeTarget "DoSportUITests" */ = {
			isa = XCConfigurationList;
			buildConfigurations = (
				CEDEB7AA258CB40B007B2BCA /* Debug */,
				CEDEB7AB258CB40B007B2BCA /* Release */,
			);
			defaultConfigurationIsVisible = 0;
			defaultConfigurationName = Release;
		};
/* End XCConfigurationList section */
	};
	rootObject = CEDEB771258CB404007B2BCA /* Project object */;
}
